{
  "version": 4,
  "terraform_version": "0.14.0",
  "serial": 284,
  "lineage": "676a9019-6c23-a608-4b1b-3a101c110e0e",
  "outputs": {},
  "resources": [
    {
      "mode": "data",
      "type": "aws_availability_zones",
      "name": "azs",
      "provider": "provider[\"registry.terraform.io/hashicorp/aws\"]",
      "instances": [
        {
          "schema_version": 0,
          "attributes": {
            "all_availability_zones": null,
            "exclude_names": null,
            "exclude_zone_ids": null,
            "filter": null,
            "group_names": [
              "us-east-2"
            ],
            "id": "us-east-2",
            "names": [
              "us-east-2a",
              "us-east-2b",
              "us-east-2c"
            ],
            "state": "available",
            "zone_ids": [
              "use2-az1",
              "use2-az2",
              "use2-az3"
            ]
          },
          "sensitive_attributes": []
        }
      ]
    },
    {
      "mode": "data",
      "type": "aws_eks_cluster",
      "name": "cluster",
      "provider": "provider[\"registry.terraform.io/hashicorp/aws\"]",
      "instances": [
        {
          "schema_version": 0,
          "attributes": {
            "arn": "arn:aws:eks:us-east-2:021510583954:cluster/my-cluster",
            "certificate_authority": [
              {
                "data": "LS0tLS1CRUdJTiBDRVJUSUZJQ0FURS0tLS0tCk1JSUN5RENDQWJDZ0F3SUJBZ0lCQURBTkJna3Foa2lHOXcwQkFRc0ZBREFWTVJNd0VRWURWUVFERXdwcmRXSmwKY201bGRHVnpNQjRYRFRJeE1EVXhOakEwTXpNeU5Wb1hEVE14TURVeE5EQTBNek15TlZvd0ZURVRNQkVHQTFVRQpBeE1LYTNWaVpYSnVaWFJsY3pDQ0FTSXdEUVlKS29aSWh2Y05BUUVCQlFBRGdnRVBBRENDQVFvQ2dnRUJBTmhkClFUa3JhWDhMalVZMHlMNUZXU2RoRXJGc2ZLOHlnZ0VEdWh6Q29jeUw4SVBaZEtCZnRPYUJoVFlRRzgyVGR2dHMKYlB0UU8vT0RpcUlSamdOZEEvcDQ5VWxHQ3o2RFB0RE5SUnN5Y1hPYUZZK3JJTWZkQ3VhSGk1aWR4RVhyc3NyNwpPeXg2STVyMUdvaDB5WkZrTitmYmlBNHh6SEI0cEkwS2x1cm1CZjRSOGNoRjBPdDNzQlYwVXFZRThWNmpoQVhkCmZndmxCT1I1cnhKNlduWE94MnJneFQ3aFR4OFV0dm5jSmNIZGJ4Y2ZIVEg5RElxbGwvY0pwb2ZndjJtM1kweDUKbm9VUW5xcDhaOTZCRnU4bjhJbUk1ZUdNWWRZOG5EMzdYOGFhQ1N2Zm5TOTNRbnFyZ2Y3QVZFNTZESHQvZHVVVgpUMFNQakZsMmoxcDhsU2IvYnhjQ0F3RUFBYU1qTUNFd0RnWURWUjBQQVFIL0JBUURBZ0trTUE4R0ExVWRFd0VCCi93UUZNQU1CQWY4d0RRWUpLb1pJaHZjTkFRRUxCUUFEZ2dFQkFDdjNpdFlmaE5sRTl4QkJnTnVPRTRSVmczTTEKWWtSY0prbkRHUGdhcmFScUd5S2NhUHUzdkI3MjdDS1E4Vk9BTURwZlVBTnRMMy9XVmxlYndWUDdmNWdhTFVyOQpxU3J6bmFJdWd1c0NyK3ZGZWtCbEZwWHU3NWdERmFLNXBCWEpyNTh5MW8rYXdIZlN6TElIQ3VSWmpITlI4dGo1Cmo1TVJrck9sR3JTZlEzay83bCt2R2RUaG1zbFRROXd1VTJXQWpTbXd4R3krMGtZT3JHOWFvdzhWa0U0d1lhbTcKUEY5OE5xMmcrOVM4WXpHOHQrcFdyS013ekVxSXpYSjFISmU1SEVTUDNCSUJqM3FZbklaVWNoeThBYlFCOVhtQgpxK0N3N1ZiTjFKY1o2ZDF5WFpuMWhqYS9wVklXZEJmQS9OYVNYU0ZlOXg2TkhVMDNkV2RyY0xxRWJDZz0KLS0tLS1FTkQgQ0VSVElGSUNBVEUtLS0tLQo="
              }
            ],
            "created_at": "2021-05-16 04:28:04.584 +0000 UTC",
            "enabled_cluster_log_types": [],
            "endpoint": "https://5C86EF462DC28B790C21032915883297.gr7.us-east-2.eks.amazonaws.com",
            "id": "my-cluster",
            "identity": [
              {
                "oidc": [
                  {
                    "issuer": "https://oidc.eks.us-east-2.amazonaws.com/id/5C86EF462DC28B790C21032915883297"
                  }
                ]
              }
            ],
            "kubernetes_network_config": [
              {
                "service_ipv4_cidr": "172.20.0.0/16"
              }
            ],
            "name": "my-cluster",
            "platform_version": "eks.8",
            "role_arn": "arn:aws:iam::021510583954:role/my-cluster20210516042747095300000001",
            "status": "ACTIVE",
            "tags": {},
            "version": "1.17",
            "vpc_config": [
              {
                "cluster_security_group_id": "sg-088c162aac0e0a738",
                "endpoint_private_access": false,
                "endpoint_public_access": true,
                "public_access_cidrs": [
                  "0.0.0.0/0"
                ],
                "security_group_ids": [
                  "sg-0a3afacee99ed381b"
                ],
                "subnet_ids": [
                  "subnet-0366f09b4f3974bf2",
                  "subnet-06951e6715274f9b7"
                ],
                "vpc_id": "vpc-09d6eb6fca9f64875"
              }
            ]
          },
          "sensitive_attributes": []
        }
      ]
    },
    {
      "mode": "data",
      "type": "aws_eks_cluster_auth",
      "name": "cluster",
      "provider": "provider[\"registry.terraform.io/hashicorp/aws\"]",
      "instances": [
        {
          "schema_version": 0,
          "attributes": {
            "id": "my-cluster",
            "name": "my-cluster",
            "token": "k8s-aws-v1.aHR0cHM6Ly9zdHMuYW1hem9uYXdzLmNvbS8_QWN0aW9uPUdldENhbGxlcklkZW50aXR5JlZlcnNpb249MjAxMS0wNi0xNSZYLUFtei1BbGdvcml0aG09QVdTNC1ITUFDLVNIQTI1NiZYLUFtei1DcmVkZW50aWFsPUFLSUFRS0FSQk8ySkJLSzY1U1dGJTJGMjAyMTA1MTYlMkZ1cy1lYXN0LTElMkZzdHMlMkZhd3M0X3JlcXVlc3QmWC1BbXotRGF0ZT0yMDIxMDUxNlQwNDQ4NDhaJlgtQW16LUV4cGlyZXM9MCZYLUFtei1TaWduZWRIZWFkZXJzPWhvc3QlM0J4LWs4cy1hd3MtaWQmWC1BbXotU2lnbmF0dXJlPThjZjY0NDA1NzU1MzczNzRiMGQwZDBhYzFkOGM2MWJlZGJmYjM0YzQ3YWJhYmZhOWE2MmE5ZDY4ODg2ZDRjMmM"
          },
          "sensitive_attributes": []
        }
      ]
    },
    {
      "mode": "data",
      "type": "kubectl_path_documents",
      "name": "manifests",
      "provider": "provider[\"registry.terraform.io/gavinbunney/kubectl\"]",
      "instances": [
        {
          "schema_version": 0,
          "attributes": {
            "disable_template": false,
            "documents": [
              "apiVersion: v1\nkind: ServiceAccount\nmetadata:  \n  annotations:                                                                        \n    eks.amazonaws.com/role-arn: arn:aws:iam::021510583954:role/external-dns-role            \n  name: external-dns-sa\n  namespace: kube-system",
              "apiVersion: v1\nkind: ServiceAccount\nmetadata:  \n  annotations:                                                                        \n    eks.amazonaws.com/role-arn: arn:aws:iam::021510583954:role/ingress-controller-role             \n  name: ingress-controller-sa\n  namespace: kube-system"
            ],
            "id": "63ad9b1de409c5a33895179fb390d77e1fe151001ef055b8272edcecaeff8958",
            "pattern": "./manifests/*.yaml",
            "sensitive_vars": null,
            "vars": null
          },
          "sensitive_attributes": []
        }
      ]
    },
    {
      "mode": "managed",
      "type": "aws_iam_policy",
      "name": "external_dns_policy",
      "provider": "provider[\"registry.terraform.io/hashicorp/aws\"]",
      "instances": [
        {
          "schema_version": 0,
          "attributes": {
            "arn": "arn:aws:iam::021510583954:policy/external-dns-policy",
            "description": "",
            "id": "arn:aws:iam::021510583954:policy/external-dns-policy",
            "name": "external-dns-policy",
            "name_prefix": null,
            "path": "/",
            "policy": "{\n    \"Version\": \"2012-10-17\",\n    \"Statement\": [\n      {\n        \"Effect\": \"Allow\",\n        \"Action\": [\n          \"route53:ChangeResourceRecordSets\"\n        ],\n        \"Resource\": [\n          \"arn:aws:route53:::hostedzone/*\"\n        ]\n      },\n      {\n        \"Effect\": \"Allow\",\n        \"Action\": [\n          \"route53:ListHostedZones\",\n          \"route53:ListResourceRecordSets\"\n        ],\n        \"Resource\": [\n          \"*\"\n        ]\n      }\n    ]\n  }",
            "policy_id": "ANPAQKARBO2JBINIGH2I4",
            "tags": {},
            "tags_all": {}
          },
          "sensitive_attributes": [],
          "private": "bnVsbA=="
        }
      ]
    },
    {
      "mode": "managed",
      "type": "aws_iam_policy",
      "name": "ingress_controller_policy",
      "provider": "provider[\"registry.terraform.io/hashicorp/aws\"]",
      "instances": [
        {
          "schema_version": 0,
          "attributes": {
            "arn": "arn:aws:iam::021510583954:policy/ingress-controller-policy",
            "description": "",
            "id": "arn:aws:iam::021510583954:policy/ingress-controller-policy",
            "name": "ingress-controller-policy",
            "name_prefix": null,
            "path": "/",
            "policy": "{\n    \"Version\": \"2012-10-17\",\n    \"Statement\": [\n      {\n        \"Effect\": \"Allow\",\n        \"Action\": [\n          \"acm:DescribeCertificate\",\n          \"acm:ListCertificates\",\n          \"acm:GetCertificate\"\n        ],\n        \"Resource\": \"*\"\n      },\n      {\n        \"Effect\": \"Allow\",\n        \"Action\": [\n          \"ec2:AuthorizeSecurityGroupIngress\",\n          \"ec2:CreateSecurityGroup\",\n          \"ec2:CreateTags\",\n          \"ec2:DeleteTags\",\n          \"ec2:DeleteSecurityGroup\",\n          \"ec2:DescribeAccountAttributes\",\n          \"ec2:DescribeAddresses\",\n          \"ec2:DescribeInstances\",\n          \"ec2:DescribeInstanceStatus\",\n          \"ec2:DescribeInternetGateways\",\n          \"ec2:DescribeNetworkInterfaces\",\n          \"ec2:DescribeSecurityGroups\",\n          \"ec2:DescribeSubnets\",\n          \"ec2:DescribeTags\",\n          \"ec2:DescribeVpcs\",\n          \"ec2:ModifyInstanceAttribute\",\n          \"ec2:ModifyNetworkInterfaceAttribute\",\n          \"ec2:RevokeSecurityGroupIngress\"\n        ],\n        \"Resource\": \"*\"\n      },\n      {\n        \"Effect\": \"Allow\",\n        \"Action\": [\n          \"elasticloadbalancing:AddListenerCertificates\",\n          \"elasticloadbalancing:AddTags\",\n          \"elasticloadbalancing:CreateListener\",\n          \"elasticloadbalancing:CreateLoadBalancer\",\n          \"elasticloadbalancing:CreateRule\",\n          \"elasticloadbalancing:CreateTargetGroup\",\n          \"elasticloadbalancing:DeleteListener\",\n          \"elasticloadbalancing:DeleteLoadBalancer\",\n          \"elasticloadbalancing:DeleteRule\",\n          \"elasticloadbalancing:DeleteTargetGroup\",\n          \"elasticloadbalancing:DeregisterTargets\",\n          \"elasticloadbalancing:DescribeListenerCertificates\",\n          \"elasticloadbalancing:DescribeListeners\",\n          \"elasticloadbalancing:DescribeLoadBalancers\",\n          \"elasticloadbalancing:DescribeLoadBalancerAttributes\",\n          \"elasticloadbalancing:DescribeRules\",\n          \"elasticloadbalancing:DescribeSSLPolicies\",\n          \"elasticloadbalancing:DescribeTags\",\n          \"elasticloadbalancing:DescribeTargetGroups\",\n          \"elasticloadbalancing:DescribeTargetGroupAttributes\",\n          \"elasticloadbalancing:DescribeTargetHealth\",\n          \"elasticloadbalancing:ModifyListener\",\n          \"elasticloadbalancing:ModifyLoadBalancerAttributes\",\n          \"elasticloadbalancing:ModifyRule\",\n          \"elasticloadbalancing:ModifyTargetGroup\",\n          \"elasticloadbalancing:ModifyTargetGroupAttributes\",\n          \"elasticloadbalancing:RegisterTargets\",\n          \"elasticloadbalancing:RemoveListenerCertificates\",\n          \"elasticloadbalancing:RemoveTags\",\n          \"elasticloadbalancing:SetIpAddressType\",\n          \"elasticloadbalancing:SetSecurityGroups\",\n          \"elasticloadbalancing:SetSubnets\",\n          \"elasticloadbalancing:SetWebAcl\"\n        ],\n        \"Resource\": \"*\"\n      },\n      {\n        \"Effect\": \"Allow\",\n        \"Action\": [\n          \"iam:CreateServiceLinkedRole\",\n          \"iam:GetServerCertificate\",\n          \"iam:ListServerCertificates\"\n        ],\n        \"Resource\": \"*\"\n      },\n      {\n        \"Effect\": \"Allow\",\n        \"Action\": [\n          \"cognito-idp:DescribeUserPoolClient\"\n        ],\n        \"Resource\": \"*\"\n      },\n      {\n        \"Effect\": \"Allow\",\n        \"Action\": [\n          \"waf-regional:GetWebACLForResource\",\n          \"waf-regional:GetWebACL\",\n          \"waf-regional:AssociateWebACL\",\n          \"waf-regional:DisassociateWebACL\"\n        ],\n        \"Resource\": \"*\"\n      },\n      {\n        \"Effect\": \"Allow\",\n        \"Action\": [\n          \"tag:GetResources\",\n          \"tag:TagResources\"\n        ],\n        \"Resource\": \"*\"\n      },\n      {\n        \"Effect\": \"Allow\",\n        \"Action\": [\n          \"waf:GetWebACL\"\n        ],\n        \"Resource\": \"*\"\n      },\n      {\n        \"Effect\": \"Allow\",\n        \"Action\": [\n          \"wafv2:GetWebACL\",\n          \"wafv2:GetWebACLForResource\",\n          \"wafv2:AssociateWebACL\",\n          \"wafv2:DisassociateWebACL\"\n        ],\n        \"Resource\": \"*\"\n      },\n      {\n        \"Effect\": \"Allow\",\n        \"Action\": [\n          \"shield:DescribeProtection\",\n          \"shield:GetSubscriptionState\",\n          \"shield:DeleteProtection\",\n          \"shield:CreateProtection\",\n          \"shield:DescribeSubscription\",\n          \"shield:ListProtections\"\n        ],\n        \"Resource\": \"*\"\n      }\n    ]\n  }\n  ",
            "policy_id": "ANPAQKARBO2JESSKDHKC2",
            "tags": {},
            "tags_all": {}
          },
          "sensitive_attributes": [],
          "private": "bnVsbA=="
        }
      ]
    },
    {
      "mode": "managed",
      "type": "aws_security_group_rule",
      "name": "eks_ingress_localhost",
      "provider": "provider[\"registry.terraform.io/hashicorp/aws\"]",
      "instances": [
        {
          "schema_version": 2,
          "attributes": {
            "cidr_blocks": [
              "0.0.0.0/32"
            ],
            "description": "Allow traffic from localhost",
            "from_port": 443,
            "id": "sgrule-4276878387",
            "ipv6_cidr_blocks": [],
            "prefix_list_ids": [],
            "protocol": "tcp",
            "security_group_id": "sg-0a3afacee99ed381b",
            "self": false,
            "source_security_group_id": null,
            "to_port": 443,
            "type": "ingress"
          },
          "sensitive_attributes": [],
          "private": "eyJzY2hlbWFfdmVyc2lvbiI6IjIifQ==",
          "dependencies": [
            "module.my_eks.aws_security_group.cluster",
            "module.my_vpc.aws_vpc.this"
          ]
        }
      ]
    },
    {
      "mode": "managed",
      "type": "helm_release",
      "name": "helm-ingress",
      "provider": "provider[\"registry.terraform.io/hashicorp/helm\"]",
      "instances": [
        {
          "schema_version": 0,
          "attributes": {
            "atomic": false,
            "chart": "aws-load-balancer-controller",
            "cleanup_on_fail": false,
            "create_namespace": false,
            "dependency_update": false,
            "description": null,
            "devel": null,
            "disable_crd_hooks": false,
            "disable_openapi_validation": false,
            "disable_webhooks": false,
            "force_update": false,
            "id": "helm-ingress",
            "keyring": null,
            "lint": false,
            "manifest": null,
            "max_history": 0,
            "metadata": [
              {
                "app_version": "v2.1.3",
                "chart": "aws-load-balancer-controller",
                "name": "helm-ingress",
                "namespace": "kube-system",
                "revision": 1,
                "values": "{\"autoDiscoverAwsRegion\":true,\"autoDiscoverAwsVpcID\":true,\"clusterName\":\"my-cluster\",\"serviceAccount\":{\"create\":false,\"name\":\"ingress-controller-sa\"}}",
                "version": "1.1.5"
              }
            ],
            "name": "helm-ingress",
            "namespace": "kube-system",
            "postrender": [],
            "recreate_pods": false,
            "render_subchart_notes": true,
            "replace": false,
            "repository": "https://aws.github.io/eks-charts",
            "repository_ca_file": null,
            "repository_cert_file": null,
            "repository_key_file": null,
            "repository_password": null,
            "repository_username": null,
            "reset_values": false,
            "reuse_values": false,
            "set": [
              {
                "name": "autoDiscoverAwsRegion",
                "type": "",
                "value": "true"
              },
              {
                "name": "autoDiscoverAwsVpcID",
                "type": "",
                "value": "true"
              },
              {
                "name": "clusterName",
                "type": "",
                "value": "my-cluster"
              },
              {
                "name": "serviceAccount.create",
                "type": "",
                "value": "false"
              },
              {
                "name": "serviceAccount.name",
                "type": "",
                "value": "ingress-controller-sa"
              }
            ],
            "set_sensitive": [],
            "skip_crds": false,
            "status": "deployed",
            "timeout": 300,
            "values": null,
            "verify": false,
            "version": "1.1.5",
            "wait": true,
            "wait_for_jobs": false
          },
          "sensitive_attributes": [],
          "private": "bnVsbA==",
          "dependencies": [
            "data.aws_eks_cluster.cluster"
          ]
        }
      ]
    },
    {
      "mode": "managed",
      "type": "kubectl_manifest",
      "name": "my_manifests",
      "provider": "provider[\"registry.terraform.io/gavinbunney/kubectl\"]",
      "instances": [
        {
          "index_key": 0,
          "schema_version": 0,
          "attributes": {
            "api_version": "v1",
            "force_new": false,
            "id": "/api/v1/namespaces/kube-system/serviceaccounts/external-dns-sa",
            "ignore_fields": null,
            "kind": "ServiceAccount",
            "live_manifest_incluster": "apiVersion=v1,kind=ServiceAccount,metadata.annotations.eks.amazonaws.com/role-arn=arn:aws:iam::021510583954:role/external-dns-role,metadata.name=external-dns-sa,metadata.namespace=kube-system",
            "live_resource_version": "787",
            "live_uid": "5b38cf03-6565-4d71-95b3-72cbcbda7514",
            "name": "external-dns-sa",
            "namespace": "kube-system",
            "override_namespace": null,
            "resource_version": "787",
            "sensitive_fields": null,
            "timeouts": null,
            "uid": "5b38cf03-6565-4d71-95b3-72cbcbda7514",
            "validate_schema": true,
            "wait": null,
            "wait_for_rollout": true,
            "yaml_body": "apiVersion: v1\nkind: ServiceAccount\nmetadata:  \n  annotations:                                                                        \n    eks.amazonaws.com/role-arn: arn:aws:iam::021510583954:role/external-dns-role            \n  name: external-dns-sa\n  namespace: kube-system",
            "yaml_body_parsed": "apiVersion: v1\nkind: ServiceAccount\nmetadata:\n  annotations:\n    eks.amazonaws.com/role-arn: arn:aws:iam::021510583954:role/external-dns-role\n  name: external-dns-sa\n  namespace: kube-system\n",
            "yaml_incluster": "apiVersion=v1,kind=ServiceAccount,metadata.annotations.eks.amazonaws.com/role-arn=arn:aws:iam::021510583954:role/external-dns-role,metadata.name=external-dns-sa,metadata.namespace=kube-system"
          },
          "sensitive_attributes": [],
          "private": "eyJlMmJmYjczMC1lY2FhLTExZTYtOGY4OC0zNDM2M2JjN2M0YzAiOnsiY3JlYXRlIjo2MDAwMDAwMDAwMDB9fQ==",
          "dependencies": [
            "data.aws_availability_zones.azs",
            "data.aws_eks_cluster.cluster",
            "data.kubectl_path_documents.manifests",
            "module.my_eks.aws_cloudwatch_log_group.this",
            "module.my_eks.aws_eks_cluster.this",
            "module.my_eks.aws_iam_role.cluster",
            "module.my_eks.aws_iam_role_policy_attachment.cluster_AmazonEKSClusterPolicy",
            "module.my_eks.aws_iam_role_policy_attachment.cluster_AmazonEKSServicePolicy",
            "module.my_eks.aws_iam_role_policy_attachment.cluster_AmazonEKSVPCResourceControllerPolicy",
            "module.my_eks.aws_security_group.cluster",
            "module.my_eks.aws_security_group.workers",
            "module.my_eks.aws_security_group_rule.cluster_egress_internet",
            "module.my_eks.aws_security_group_rule.cluster_https_worker_ingress",
            "module.my_eks.aws_security_group_rule.cluster_private_access",
            "module.my_eks.data.aws_iam_policy_document.cluster_assume_role_policy",
            "module.my_eks.data.aws_iam_role.custom_cluster_iam_role",
            "module.my_eks.data.aws_partition.current",
            "module.my_eks.null_resource.wait_for_cluster",
            "module.my_vpc.aws_subnet.private",
            "module.my_vpc.aws_vpc.this",
            "module.my_vpc.aws_vpc_ipv4_cidr_block_association.this"
          ]
        },
        {
          "index_key": 1,
          "schema_version": 0,
          "attributes": {
            "api_version": "v1",
            "force_new": false,
            "id": "/api/v1/namespaces/kube-system/serviceaccounts/ingress-controller-sa",
            "ignore_fields": null,
            "kind": "ServiceAccount",
            "live_manifest_incluster": "apiVersion=v1,kind=ServiceAccount,metadata.annotations.eks.amazonaws.com/role-arn=arn:aws:iam::021510583954:role/ingress-controller-role,metadata.name=ingress-controller-sa,metadata.namespace=kube-system",
            "live_resource_version": "784",
            "live_uid": "dbc14355-ad6f-4700-a0f6-8136b6f0dced",
            "name": "ingress-controller-sa",
            "namespace": "kube-system",
            "override_namespace": null,
            "resource_version": "784",
            "sensitive_fields": null,
            "timeouts": null,
            "uid": "dbc14355-ad6f-4700-a0f6-8136b6f0dced",
            "validate_schema": true,
            "wait": null,
            "wait_for_rollout": true,
            "yaml_body": "apiVersion: v1\nkind: ServiceAccount\nmetadata:  \n  annotations:                                                                        \n    eks.amazonaws.com/role-arn: arn:aws:iam::021510583954:role/ingress-controller-role             \n  name: ingress-controller-sa\n  namespace: kube-system",
            "yaml_body_parsed": "apiVersion: v1\nkind: ServiceAccount\nmetadata:\n  annotations:\n    eks.amazonaws.com/role-arn: arn:aws:iam::021510583954:role/ingress-controller-role\n  name: ingress-controller-sa\n  namespace: kube-system\n",
            "yaml_incluster": "apiVersion=v1,kind=ServiceAccount,metadata.annotations.eks.amazonaws.com/role-arn=arn:aws:iam::021510583954:role/ingress-controller-role,metadata.name=ingress-controller-sa,metadata.namespace=kube-system"
          },
          "sensitive_attributes": [],
          "private": "eyJlMmJmYjczMC1lY2FhLTExZTYtOGY4OC0zNDM2M2JjN2M0YzAiOnsiY3JlYXRlIjo2MDAwMDAwMDAwMDB9fQ==",
          "dependencies": [
            "data.aws_availability_zones.azs",
            "data.aws_eks_cluster.cluster",
            "data.kubectl_path_documents.manifests",
            "module.my_eks.aws_cloudwatch_log_group.this",
            "module.my_eks.aws_eks_cluster.this",
            "module.my_eks.aws_iam_role.cluster",
            "module.my_eks.aws_iam_role_policy_attachment.cluster_AmazonEKSClusterPolicy",
            "module.my_eks.aws_iam_role_policy_attachment.cluster_AmazonEKSServicePolicy",
            "module.my_eks.aws_iam_role_policy_attachment.cluster_AmazonEKSVPCResourceControllerPolicy",
            "module.my_eks.aws_security_group.cluster",
            "module.my_eks.aws_security_group.workers",
            "module.my_eks.aws_security_group_rule.cluster_egress_internet",
            "module.my_eks.aws_security_group_rule.cluster_https_worker_ingress",
            "module.my_eks.aws_security_group_rule.cluster_private_access",
            "module.my_eks.data.aws_iam_policy_document.cluster_assume_role_policy",
            "module.my_eks.data.aws_iam_role.custom_cluster_iam_role",
            "module.my_eks.data.aws_partition.current",
            "module.my_eks.null_resource.wait_for_cluster",
            "module.my_vpc.aws_subnet.private",
            "module.my_vpc.aws_vpc.this",
            "module.my_vpc.aws_vpc_ipv4_cidr_block_association.this"
          ]
        }
      ]
    },
    {
      "module": "module.external_dns_role_with_oidc",
      "mode": "data",
      "type": "aws_caller_identity",
      "name": "current",
      "provider": "provider[\"registry.terraform.io/hashicorp/aws\"]",
      "instances": [
        {
          "schema_version": 0,
          "attributes": {
            "account_id": "021510583954",
            "arn": "arn:aws:iam::021510583954:user/nick",
            "id": "021510583954",
            "user_id": "AIDAQKARBO2JD2P55EMIG"
          },
          "sensitive_attributes": []
        }
      ]
    },
    {
      "module": "module.external_dns_role_with_oidc",
      "mode": "data",
      "type": "aws_iam_policy_document",
      "name": "assume_role_with_oidc",
      "provider": "provider[\"registry.terraform.io/hashicorp/aws\"]",
      "instances": [
        {
          "index_key": 0,
          "schema_version": 0,
          "attributes": {
            "id": "2010356560",
            "json": "{\n  \"Version\": \"2012-10-17\",\n  \"Statement\": [\n    {\n      \"Sid\": \"\",\n      \"Effect\": \"Allow\",\n      \"Action\": \"sts:AssumeRoleWithWebIdentity\",\n      \"Principal\": {\n        \"Federated\": \"arn:aws:iam::021510583954:oidc-provider/oidc.eks.us-east-2.amazonaws.com/id/5C86EF462DC28B790C21032915883297\"\n      },\n      \"Condition\": {\n        \"StringEquals\": {\n          \"oidc.eks.us-east-2.amazonaws.com/id/5C86EF462DC28B790C21032915883297:sub\": [\n            \"system:serviceaccount:kube-system:external-dns-sa\"\n          ]\n        }\n      }\n    }\n  ]\n}",
            "override_json": null,
            "override_policy_documents": null,
            "policy_id": null,
            "source_json": null,
            "source_policy_documents": null,
            "statement": [
              {
                "actions": [
                  "sts:AssumeRoleWithWebIdentity"
                ],
                "condition": [
                  {
                    "test": "StringEquals",
                    "values": [
                      "system:serviceaccount:kube-system:external-dns-sa"
                    ],
                    "variable": "oidc.eks.us-east-2.amazonaws.com/id/5C86EF462DC28B790C21032915883297:sub"
                  }
                ],
                "effect": "Allow",
                "not_actions": [],
                "not_principals": [],
                "not_resources": [],
                "principals": [
                  {
                    "identifiers": [
                      "arn:aws:iam::021510583954:oidc-provider/oidc.eks.us-east-2.amazonaws.com/id/5C86EF462DC28B790C21032915883297"
                    ],
                    "type": "Federated"
                  }
                ],
                "resources": [],
                "sid": ""
              }
            ],
            "version": "2012-10-17"
          },
          "sensitive_attributes": []
        }
      ]
    },
    {
      "module": "module.external_dns_role_with_oidc",
      "mode": "data",
      "type": "aws_partition",
      "name": "current",
      "provider": "provider[\"registry.terraform.io/hashicorp/aws\"]",
      "instances": [
        {
          "schema_version": 0,
          "attributes": {
            "dns_suffix": "amazonaws.com",
            "id": "aws",
            "partition": "aws",
            "reverse_dns_prefix": "com.amazonaws"
          },
          "sensitive_attributes": []
        }
      ]
    },
    {
      "module": "module.external_dns_role_with_oidc",
      "mode": "managed",
      "type": "aws_iam_role",
      "name": "this",
      "provider": "provider[\"registry.terraform.io/hashicorp/aws\"]",
      "instances": [
        {
          "index_key": 0,
          "schema_version": 0,
          "attributes": {
            "arn": "arn:aws:iam::021510583954:role/external-dns-role",
            "assume_role_policy": "{\"Version\":\"2012-10-17\",\"Statement\":[{\"Sid\":\"\",\"Effect\":\"Allow\",\"Principal\":{\"Federated\":\"arn:aws:iam::021510583954:oidc-provider/oidc.eks.us-east-2.amazonaws.com/id/5C86EF462DC28B790C21032915883297\"},\"Action\":\"sts:AssumeRoleWithWebIdentity\",\"Condition\":{\"StringEquals\":{\"oidc.eks.us-east-2.amazonaws.com/id/5C86EF462DC28B790C21032915883297:sub\":\"system:serviceaccount:kube-system:external-dns-sa\"}}}]}",
            "create_date": "2021-05-16T04:36:53Z",
            "description": "",
            "force_detach_policies": false,
            "id": "external-dns-role",
            "inline_policy": [
              {
                "name": "",
                "policy": ""
              }
            ],
            "managed_policy_arns": [
              "arn:aws:iam::021510583954:policy/external-dns-policy"
            ],
            "max_session_duration": 3600,
            "name": "external-dns-role",
            "name_prefix": null,
            "path": "/",
            "permissions_boundary": "",
            "tags": {
              "Role": "dns-role-with-oidc"
            },
            "tags_all": {
              "Role": "dns-role-with-oidc"
            },
            "unique_id": "AROAQKARBO2JPMALDFIRS"
          },
          "sensitive_attributes": [],
          "private": "bnVsbA==",
          "dependencies": [
            "data.aws_availability_zones.azs",
            "module.external_dns_role_with_oidc.data.aws_caller_identity.current",
            "module.external_dns_role_with_oidc.data.aws_iam_policy_document.assume_role_with_oidc",
            "module.external_dns_role_with_oidc.data.aws_partition.current",
            "module.my_eks.aws_cloudwatch_log_group.this",
            "module.my_eks.aws_eks_cluster.this",
            "module.my_eks.aws_iam_role.cluster",
            "module.my_eks.aws_iam_role_policy_attachment.cluster_AmazonEKSClusterPolicy",
            "module.my_eks.aws_iam_role_policy_attachment.cluster_AmazonEKSServicePolicy",
            "module.my_eks.aws_iam_role_policy_attachment.cluster_AmazonEKSVPCResourceControllerPolicy",
            "module.my_eks.aws_security_group.cluster",
            "module.my_eks.aws_security_group.workers",
            "module.my_eks.aws_security_group_rule.cluster_egress_internet",
            "module.my_eks.aws_security_group_rule.cluster_https_worker_ingress",
            "module.my_eks.data.aws_iam_policy_document.cluster_assume_role_policy",
            "module.my_eks.data.aws_iam_role.custom_cluster_iam_role",
            "module.my_eks.data.aws_partition.current",
            "module.my_vpc.aws_subnet.private",
            "module.my_vpc.aws_vpc.this",
            "module.my_vpc.aws_vpc_ipv4_cidr_block_association.this"
          ]
        }
      ]
    },
    {
      "module": "module.external_dns_role_with_oidc",
      "mode": "managed",
      "type": "aws_iam_role_policy_attachment",
      "name": "custom",
      "provider": "provider[\"registry.terraform.io/hashicorp/aws\"]",
      "instances": [
        {
          "index_key": 0,
          "schema_version": 0,
          "attributes": {
            "id": "external-dns-role-2021051604365512810000000b",
            "policy_arn": "arn:aws:iam::021510583954:policy/external-dns-policy",
            "role": "external-dns-role"
          },
          "sensitive_attributes": [],
          "private": "bnVsbA==",
          "dependencies": [
            "aws_iam_policy.external_dns_policy",
            "data.aws_availability_zones.azs",
            "module.external_dns_role_with_oidc.aws_iam_role.this",
            "module.external_dns_role_with_oidc.data.aws_caller_identity.current",
            "module.external_dns_role_with_oidc.data.aws_iam_policy_document.assume_role_with_oidc",
            "module.external_dns_role_with_oidc.data.aws_partition.current",
            "module.my_eks.aws_cloudwatch_log_group.this",
            "module.my_eks.aws_eks_cluster.this",
            "module.my_eks.aws_iam_role.cluster",
            "module.my_eks.aws_iam_role_policy_attachment.cluster_AmazonEKSClusterPolicy",
            "module.my_eks.aws_iam_role_policy_attachment.cluster_AmazonEKSServicePolicy",
            "module.my_eks.aws_iam_role_policy_attachment.cluster_AmazonEKSVPCResourceControllerPolicy",
            "module.my_eks.aws_security_group.cluster",
            "module.my_eks.aws_security_group.workers",
            "module.my_eks.aws_security_group_rule.cluster_egress_internet",
            "module.my_eks.aws_security_group_rule.cluster_https_worker_ingress",
            "module.my_eks.data.aws_iam_policy_document.cluster_assume_role_policy",
            "module.my_eks.data.aws_iam_role.custom_cluster_iam_role",
            "module.my_eks.data.aws_partition.current",
            "module.my_vpc.aws_subnet.private",
            "module.my_vpc.aws_vpc.this",
            "module.my_vpc.aws_vpc_ipv4_cidr_block_association.this"
          ]
        }
      ]
    },
    {
      "module": "module.ingress_controller_role_with_oidc",
      "mode": "data",
      "type": "aws_caller_identity",
      "name": "current",
      "provider": "provider[\"registry.terraform.io/hashicorp/aws\"]",
      "instances": [
        {
          "schema_version": 0,
          "attributes": {
            "account_id": "021510583954",
            "arn": "arn:aws:iam::021510583954:user/nick",
            "id": "021510583954",
            "user_id": "AIDAQKARBO2JD2P55EMIG"
          },
          "sensitive_attributes": []
        }
      ]
    },
    {
      "module": "module.ingress_controller_role_with_oidc",
      "mode": "data",
      "type": "aws_iam_policy_document",
      "name": "assume_role_with_oidc",
      "provider": "provider[\"registry.terraform.io/hashicorp/aws\"]",
      "instances": [
        {
          "index_key": 0,
          "schema_version": 0,
          "attributes": {
            "id": "283235574",
            "json": "{\n  \"Version\": \"2012-10-17\",\n  \"Statement\": [\n    {\n      \"Sid\": \"\",\n      \"Effect\": \"Allow\",\n      \"Action\": \"sts:AssumeRoleWithWebIdentity\",\n      \"Principal\": {\n        \"Federated\": \"arn:aws:iam::021510583954:oidc-provider/oidc.eks.us-east-2.amazonaws.com/id/5C86EF462DC28B790C21032915883297\"\n      },\n      \"Condition\": {\n        \"StringEquals\": {\n          \"oidc.eks.us-east-2.amazonaws.com/id/5C86EF462DC28B790C21032915883297:sub\": [\n            \"system:serviceaccount:kube-system:ingress-controller-sa\"\n          ]\n        }\n      }\n    }\n  ]\n}",
            "override_json": null,
            "override_policy_documents": null,
            "policy_id": null,
            "source_json": null,
            "source_policy_documents": null,
            "statement": [
              {
                "actions": [
                  "sts:AssumeRoleWithWebIdentity"
                ],
                "condition": [
                  {
                    "test": "StringEquals",
                    "values": [
                      "system:serviceaccount:kube-system:ingress-controller-sa"
                    ],
                    "variable": "oidc.eks.us-east-2.amazonaws.com/id/5C86EF462DC28B790C21032915883297:sub"
                  }
                ],
                "effect": "Allow",
                "not_actions": [],
                "not_principals": [],
                "not_resources": [],
                "principals": [
                  {
                    "identifiers": [
                      "arn:aws:iam::021510583954:oidc-provider/oidc.eks.us-east-2.amazonaws.com/id/5C86EF462DC28B790C21032915883297"
                    ],
                    "type": "Federated"
                  }
                ],
                "resources": [],
                "sid": ""
              }
            ],
            "version": "2012-10-17"
          },
          "sensitive_attributes": []
        }
      ]
    },
    {
      "module": "module.ingress_controller_role_with_oidc",
      "mode": "data",
      "type": "aws_partition",
      "name": "current",
      "provider": "provider[\"registry.terraform.io/hashicorp/aws\"]",
      "instances": [
        {
          "schema_version": 0,
          "attributes": {
            "dns_suffix": "amazonaws.com",
            "id": "aws",
            "partition": "aws",
            "reverse_dns_prefix": "com.amazonaws"
          },
          "sensitive_attributes": []
        }
      ]
    },
    {
      "module": "module.ingress_controller_role_with_oidc",
      "mode": "managed",
      "type": "aws_iam_role",
      "name": "this",
      "provider": "provider[\"registry.terraform.io/hashicorp/aws\"]",
      "instances": [
        {
          "index_key": 0,
          "schema_version": 0,
          "attributes": {
            "arn": "arn:aws:iam::021510583954:role/ingress-controller-role",
            "assume_role_policy": "{\"Version\":\"2012-10-17\",\"Statement\":[{\"Sid\":\"\",\"Effect\":\"Allow\",\"Principal\":{\"Federated\":\"arn:aws:iam::021510583954:oidc-provider/oidc.eks.us-east-2.amazonaws.com/id/5C86EF462DC28B790C21032915883297\"},\"Action\":\"sts:AssumeRoleWithWebIdentity\",\"Condition\":{\"StringEquals\":{\"oidc.eks.us-east-2.amazonaws.com/id/5C86EF462DC28B790C21032915883297:sub\":\"system:serviceaccount:kube-system:ingress-controller-sa\"}}}]}",
            "create_date": "2021-05-16T04:36:53Z",
            "description": "",
            "force_detach_policies": false,
            "id": "ingress-controller-role",
            "inline_policy": [
              {
                "name": "",
                "policy": ""
              }
            ],
            "managed_policy_arns": [
              "arn:aws:iam::021510583954:policy/ingress-controller-policy"
            ],
            "max_session_duration": 3600,
            "name": "ingress-controller-role",
            "name_prefix": null,
            "path": "/",
            "permissions_boundary": "",
            "tags": {
              "Role": "ingress-role-with-oidc"
            },
            "tags_all": {
              "Role": "ingress-role-with-oidc"
            },
            "unique_id": "AROAQKARBO2JCGBCQIH2Q"
          },
          "sensitive_attributes": [],
          "private": "bnVsbA==",
          "dependencies": [
            "data.aws_availability_zones.azs",
            "module.ingress_controller_role_with_oidc.data.aws_caller_identity.current",
            "module.ingress_controller_role_with_oidc.data.aws_iam_policy_document.assume_role_with_oidc",
            "module.ingress_controller_role_with_oidc.data.aws_partition.current",
            "module.my_eks.aws_cloudwatch_log_group.this",
            "module.my_eks.aws_eks_cluster.this",
            "module.my_eks.aws_iam_role.cluster",
            "module.my_eks.aws_iam_role_policy_attachment.cluster_AmazonEKSClusterPolicy",
            "module.my_eks.aws_iam_role_policy_attachment.cluster_AmazonEKSServicePolicy",
            "module.my_eks.aws_iam_role_policy_attachment.cluster_AmazonEKSVPCResourceControllerPolicy",
            "module.my_eks.aws_security_group.cluster",
            "module.my_eks.aws_security_group.workers",
            "module.my_eks.aws_security_group_rule.cluster_egress_internet",
            "module.my_eks.aws_security_group_rule.cluster_https_worker_ingress",
            "module.my_eks.data.aws_iam_policy_document.cluster_assume_role_policy",
            "module.my_eks.data.aws_iam_role.custom_cluster_iam_role",
            "module.my_eks.data.aws_partition.current",
            "module.my_vpc.aws_subnet.private",
            "module.my_vpc.aws_vpc.this",
            "module.my_vpc.aws_vpc_ipv4_cidr_block_association.this"
          ]
        }
      ]
    },
    {
      "module": "module.ingress_controller_role_with_oidc",
      "mode": "managed",
      "type": "aws_iam_role_policy_attachment",
      "name": "custom",
      "provider": "provider[\"registry.terraform.io/hashicorp/aws\"]",
      "instances": [
        {
          "index_key": 0,
          "schema_version": 0,
          "attributes": {
            "id": "ingress-controller-role-2021051604365505310000000a",
            "policy_arn": "arn:aws:iam::021510583954:policy/ingress-controller-policy",
            "role": "ingress-controller-role"
          },
          "sensitive_attributes": [],
          "private": "bnVsbA==",
          "dependencies": [
            "aws_iam_policy.ingress_controller_policy",
            "data.aws_availability_zones.azs",
            "module.ingress_controller_role_with_oidc.aws_iam_role.this",
            "module.ingress_controller_role_with_oidc.data.aws_caller_identity.current",
            "module.ingress_controller_role_with_oidc.data.aws_iam_policy_document.assume_role_with_oidc",
            "module.ingress_controller_role_with_oidc.data.aws_partition.current",
            "module.my_eks.aws_cloudwatch_log_group.this",
            "module.my_eks.aws_eks_cluster.this",
            "module.my_eks.aws_iam_role.cluster",
            "module.my_eks.aws_iam_role_policy_attachment.cluster_AmazonEKSClusterPolicy",
            "module.my_eks.aws_iam_role_policy_attachment.cluster_AmazonEKSServicePolicy",
            "module.my_eks.aws_iam_role_policy_attachment.cluster_AmazonEKSVPCResourceControllerPolicy",
            "module.my_eks.aws_security_group.cluster",
            "module.my_eks.aws_security_group.workers",
            "module.my_eks.aws_security_group_rule.cluster_egress_internet",
            "module.my_eks.aws_security_group_rule.cluster_https_worker_ingress",
            "module.my_eks.data.aws_iam_policy_document.cluster_assume_role_policy",
            "module.my_eks.data.aws_iam_role.custom_cluster_iam_role",
            "module.my_eks.data.aws_partition.current",
            "module.my_vpc.aws_subnet.private",
            "module.my_vpc.aws_vpc.this",
            "module.my_vpc.aws_vpc_ipv4_cidr_block_association.this"
          ]
        }
      ]
    },
    {
      "module": "module.my_eks",
      "mode": "data",
      "type": "aws_ami",
      "name": "eks_worker",
      "provider": "provider[\"registry.terraform.io/hashicorp/aws\"]",
      "instances": [
        {
          "schema_version": 0,
          "attributes": {
            "architecture": "x86_64",
            "arn": "arn:aws:ec2:us-east-2::image/ami-09c1eda782fbaa04d",
            "block_device_mappings": [
              {
                "device_name": "/dev/xvda",
                "ebs": {
                  "delete_on_termination": "true",
                  "encrypted": "false",
                  "iops": "0",
                  "snapshot_id": "snap-0baae8435ff7bced2",
                  "throughput": "0",
                  "volume_size": "20",
                  "volume_type": "gp2"
                },
                "no_device": "",
                "virtual_name": ""
              }
            ],
            "creation_date": "2021-05-12T22:09:53.000Z",
            "description": "EKS Kubernetes Worker AMI with AmazonLinux2 image, (k8s: 1.17.12, docker: 19.03.13ce-1.amzn2, containerd: 1.4.1-2.amzn2)",
            "ena_support": true,
            "executable_users": null,
            "filter": [
              {
                "name": "name",
                "values": [
                  "amazon-eks-node-1.17-v*"
                ]
              }
            ],
            "hypervisor": "xen",
            "id": "ami-09c1eda782fbaa04d",
            "image_id": "ami-09c1eda782fbaa04d",
            "image_location": "amazon/amazon-eks-node-1.17-v20210512",
            "image_owner_alias": "amazon",
            "image_type": "machine",
            "kernel_id": null,
            "most_recent": true,
            "name": "amazon-eks-node-1.17-v20210512",
            "name_regex": null,
            "owner_id": "602401143452",
            "owners": [
              "amazon"
            ],
            "platform": null,
            "platform_details": "Linux/UNIX",
            "product_codes": [],
            "public": true,
            "ramdisk_id": null,
            "root_device_name": "/dev/xvda",
            "root_device_type": "ebs",
            "root_snapshot_id": "snap-0baae8435ff7bced2",
            "sriov_net_support": "simple",
            "state": "available",
            "state_reason": {
              "code": "UNSET",
              "message": "UNSET"
            },
            "tags": {},
            "usage_operation": "RunInstances",
            "virtualization_type": "hvm"
          },
          "sensitive_attributes": []
        }
      ]
    },
    {
      "module": "module.my_eks",
      "mode": "data",
      "type": "aws_ami",
      "name": "eks_worker_windows",
      "provider": "provider[\"registry.terraform.io/hashicorp/aws\"]",
      "instances": [
        {
          "schema_version": 0,
          "attributes": {
            "architecture": "x86_64",
            "arn": "arn:aws:ec2:us-east-2::image/ami-09d185bbb9c5cbe5f",
            "block_device_mappings": [
              {
                "device_name": "/dev/sda1",
                "ebs": {
                  "delete_on_termination": "true",
                  "encrypted": "false",
                  "iops": "0",
                  "snapshot_id": "snap-066aba8914a85e655",
                  "throughput": "0",
                  "volume_size": "50",
                  "volume_type": "gp2"
                },
                "no_device": "",
                "virtual_name": ""
              },
              {
                "device_name": "xvdca",
                "ebs": {},
                "no_device": "",
                "virtual_name": "ephemeral0"
              },
              {
                "device_name": "xvdcb",
                "ebs": {},
                "no_device": "",
                "virtual_name": "ephemeral1"
              },
              {
                "device_name": "xvdcc",
                "ebs": {},
                "no_device": "",
                "virtual_name": "ephemeral2"
              },
              {
                "device_name": "xvdcd",
                "ebs": {},
                "no_device": "",
                "virtual_name": "ephemeral3"
              },
              {
                "device_name": "xvdce",
                "ebs": {},
                "no_device": "",
                "virtual_name": "ephemeral4"
              },
              {
                "device_name": "xvdcf",
                "ebs": {},
                "no_device": "",
                "virtual_name": "ephemeral5"
              },
              {
                "device_name": "xvdcg",
                "ebs": {},
                "no_device": "",
                "virtual_name": "ephemeral6"
              },
              {
                "device_name": "xvdch",
                "ebs": {},
                "no_device": "",
                "virtual_name": "ephemeral7"
              },
              {
                "device_name": "xvdci",
                "ebs": {},
                "no_device": "",
                "virtual_name": "ephemeral8"
              },
              {
                "device_name": "xvdcj",
                "ebs": {},
                "no_device": "",
                "virtual_name": "ephemeral9"
              },
              {
                "device_name": "xvdck",
                "ebs": {},
                "no_device": "",
                "virtual_name": "ephemeral10"
              },
              {
                "device_name": "xvdcl",
                "ebs": {},
                "no_device": "",
                "virtual_name": "ephemeral11"
              },
              {
                "device_name": "xvdcm",
                "ebs": {},
                "no_device": "",
                "virtual_name": "ephemeral12"
              },
              {
                "device_name": "xvdcn",
                "ebs": {},
                "no_device": "",
                "virtual_name": "ephemeral13"
              },
              {
                "device_name": "xvdco",
                "ebs": {},
                "no_device": "",
                "virtual_name": "ephemeral14"
              },
              {
                "device_name": "xvdcp",
                "ebs": {},
                "no_device": "",
                "virtual_name": "ephemeral15"
              },
              {
                "device_name": "xvdcq",
                "ebs": {},
                "no_device": "",
                "virtual_name": "ephemeral16"
              },
              {
                "device_name": "xvdcr",
                "ebs": {},
                "no_device": "",
                "virtual_name": "ephemeral17"
              },
              {
                "device_name": "xvdcs",
                "ebs": {},
                "no_device": "",
                "virtual_name": "ephemeral18"
              },
              {
                "device_name": "xvdct",
                "ebs": {},
                "no_device": "",
                "virtual_name": "ephemeral19"
              },
              {
                "device_name": "xvdcu",
                "ebs": {},
                "no_device": "",
                "virtual_name": "ephemeral20"
              },
              {
                "device_name": "xvdcv",
                "ebs": {},
                "no_device": "",
                "virtual_name": "ephemeral21"
              },
              {
                "device_name": "xvdcw",
                "ebs": {},
                "no_device": "",
                "virtual_name": "ephemeral22"
              },
              {
                "device_name": "xvdcx",
                "ebs": {},
                "no_device": "",
                "virtual_name": "ephemeral23"
              },
              {
                "device_name": "xvdcy",
                "ebs": {},
                "no_device": "",
                "virtual_name": "ephemeral24"
              },
              {
                "device_name": "xvdcz",
                "ebs": {},
                "no_device": "",
                "virtual_name": "ephemeral25"
              }
            ],
            "creation_date": "2021-04-15T19:43:56.000Z",
            "description": "Microsoft Windows Server 2019 Core optimized for EKS and provided by Amazon",
            "ena_support": true,
            "executable_users": null,
            "filter": [
              {
                "name": "name",
                "values": [
                  "Windows_Server-2019-English-Core-EKS_Optimized-1.17-*"
                ]
              },
              {
                "name": "platform",
                "values": [
                  "windows"
                ]
              }
            ],
            "hypervisor": "xen",
            "id": "ami-09d185bbb9c5cbe5f",
            "image_id": "ami-09d185bbb9c5cbe5f",
            "image_location": "amazon/Windows_Server-2019-English-Core-EKS_Optimized-1.17-2021.04.14",
            "image_owner_alias": "amazon",
            "image_type": "machine",
            "kernel_id": null,
            "most_recent": true,
            "name": "Windows_Server-2019-English-Core-EKS_Optimized-1.17-2021.04.14",
            "name_regex": null,
            "owner_id": "801119661308",
            "owners": [
              "amazon"
            ],
            "platform": "windows",
            "platform_details": "Windows",
            "product_codes": [],
            "public": true,
            "ramdisk_id": null,
            "root_device_name": "/dev/sda1",
            "root_device_type": "ebs",
            "root_snapshot_id": "snap-066aba8914a85e655",
            "sriov_net_support": "simple",
            "state": "available",
            "state_reason": {
              "code": "UNSET",
              "message": "UNSET"
            },
            "tags": {},
            "usage_operation": "RunInstances:0002",
            "virtualization_type": "hvm"
          },
          "sensitive_attributes": []
        }
      ]
    },
    {
      "module": "module.my_eks",
      "mode": "data",
      "type": "aws_caller_identity",
      "name": "current",
      "provider": "provider[\"registry.terraform.io/hashicorp/aws\"]",
      "instances": [
        {
          "schema_version": 0,
          "attributes": {
            "account_id": "021510583954",
            "arn": "arn:aws:iam::021510583954:user/nick",
            "id": "021510583954",
            "user_id": "AIDAQKARBO2JD2P55EMIG"
          },
          "sensitive_attributes": []
        }
      ]
    },
    {
      "module": "module.my_eks",
      "mode": "data",
      "type": "aws_iam_policy_document",
      "name": "cluster_assume_role_policy",
      "provider": "provider[\"registry.terraform.io/hashicorp/aws\"]",
      "instances": [
        {
          "schema_version": 0,
          "attributes": {
            "id": "2764486067",
            "json": "{\n  \"Version\": \"2012-10-17\",\n  \"Statement\": [\n    {\n      \"Sid\": \"EKSClusterAssumeRole\",\n      \"Effect\": \"Allow\",\n      \"Action\": \"sts:AssumeRole\",\n      \"Principal\": {\n        \"Service\": \"eks.amazonaws.com\"\n      }\n    }\n  ]\n}",
            "override_json": null,
            "override_policy_documents": null,
            "policy_id": null,
            "source_json": null,
            "source_policy_documents": null,
            "statement": [
              {
                "actions": [
                  "sts:AssumeRole"
                ],
                "condition": [],
                "effect": "Allow",
                "not_actions": [],
                "not_principals": [],
                "not_resources": [],
                "principals": [
                  {
                    "identifiers": [
                      "eks.amazonaws.com"
                    ],
                    "type": "Service"
                  }
                ],
                "resources": [],
                "sid": "EKSClusterAssumeRole"
              }
            ],
            "version": "2012-10-17"
          },
          "sensitive_attributes": []
        }
      ]
    },
    {
      "module": "module.my_eks",
      "mode": "data",
      "type": "aws_iam_policy_document",
      "name": "cluster_elb_sl_role_creation",
      "provider": "provider[\"registry.terraform.io/hashicorp/aws\"]",
      "instances": [
        {
          "index_key": 0,
          "schema_version": 0,
          "attributes": {
            "id": "3709839417",
            "json": "{\n  \"Version\": \"2012-10-17\",\n  \"Statement\": [\n    {\n      \"Sid\": \"\",\n      \"Effect\": \"Allow\",\n      \"Action\": [\n        \"ec2:DescribeInternetGateways\",\n        \"ec2:DescribeAddresses\",\n        \"ec2:DescribeAccountAttributes\"\n      ],\n      \"Resource\": \"*\"\n    }\n  ]\n}",
            "override_json": null,
            "override_policy_documents": null,
            "policy_id": null,
            "source_json": null,
            "source_policy_documents": null,
            "statement": [
              {
                "actions": [
                  "ec2:DescribeAccountAttributes",
                  "ec2:DescribeAddresses",
                  "ec2:DescribeInternetGateways"
                ],
                "condition": [],
                "effect": "Allow",
                "not_actions": [],
                "not_principals": [],
                "not_resources": [],
                "principals": [],
                "resources": [
                  "*"
                ],
                "sid": ""
              }
            ],
            "version": "2012-10-17"
          },
          "sensitive_attributes": []
        }
      ]
    },
    {
      "module": "module.my_eks",
      "mode": "data",
      "type": "aws_iam_policy_document",
      "name": "workers_assume_role_policy",
      "provider": "provider[\"registry.terraform.io/hashicorp/aws\"]",
      "instances": [
        {
          "schema_version": 0,
          "attributes": {
            "id": "3778018924",
            "json": "{\n  \"Version\": \"2012-10-17\",\n  \"Statement\": [\n    {\n      \"Sid\": \"EKSWorkerAssumeRole\",\n      \"Effect\": \"Allow\",\n      \"Action\": \"sts:AssumeRole\",\n      \"Principal\": {\n        \"Service\": \"ec2.amazonaws.com\"\n      }\n    }\n  ]\n}",
            "override_json": null,
            "override_policy_documents": null,
            "policy_id": null,
            "source_json": null,
            "source_policy_documents": null,
            "statement": [
              {
                "actions": [
                  "sts:AssumeRole"
                ],
                "condition": [],
                "effect": "Allow",
                "not_actions": [],
                "not_principals": [],
                "not_resources": [],
                "principals": [
                  {
                    "identifiers": [
                      "ec2.amazonaws.com"
                    ],
                    "type": "Service"
                  }
                ],
                "resources": [],
                "sid": "EKSWorkerAssumeRole"
              }
            ],
            "version": "2012-10-17"
          },
          "sensitive_attributes": []
        }
      ]
    },
    {
      "module": "module.my_eks",
      "mode": "data",
      "type": "aws_partition",
      "name": "current",
      "provider": "provider[\"registry.terraform.io/hashicorp/aws\"]",
      "instances": [
        {
          "schema_version": 0,
          "attributes": {
            "dns_suffix": "amazonaws.com",
            "id": "aws",
            "partition": "aws",
            "reverse_dns_prefix": "com.amazonaws"
          },
          "sensitive_attributes": []
        }
      ]
    },
    {
      "module": "module.my_eks",
      "mode": "managed",
      "type": "aws_eks_cluster",
      "name": "this",
      "provider": "provider[\"registry.terraform.io/hashicorp/aws\"]",
      "instances": [
        {
          "index_key": 0,
          "schema_version": 0,
          "attributes": {
            "arn": "arn:aws:eks:us-east-2:021510583954:cluster/my-cluster",
            "certificate_authority": [
              {
                "data": "LS0tLS1CRUdJTiBDRVJUSUZJQ0FURS0tLS0tCk1JSUN5RENDQWJDZ0F3SUJBZ0lCQURBTkJna3Foa2lHOXcwQkFRc0ZBREFWTVJNd0VRWURWUVFERXdwcmRXSmwKY201bGRHVnpNQjRYRFRJeE1EVXhOakEwTXpNeU5Wb1hEVE14TURVeE5EQTBNek15TlZvd0ZURVRNQkVHQTFVRQpBeE1LYTNWaVpYSnVaWFJsY3pDQ0FTSXdEUVlKS29aSWh2Y05BUUVCQlFBRGdnRVBBRENDQVFvQ2dnRUJBTmhkClFUa3JhWDhMalVZMHlMNUZXU2RoRXJGc2ZLOHlnZ0VEdWh6Q29jeUw4SVBaZEtCZnRPYUJoVFlRRzgyVGR2dHMKYlB0UU8vT0RpcUlSamdOZEEvcDQ5VWxHQ3o2RFB0RE5SUnN5Y1hPYUZZK3JJTWZkQ3VhSGk1aWR4RVhyc3NyNwpPeXg2STVyMUdvaDB5WkZrTitmYmlBNHh6SEI0cEkwS2x1cm1CZjRSOGNoRjBPdDNzQlYwVXFZRThWNmpoQVhkCmZndmxCT1I1cnhKNlduWE94MnJneFQ3aFR4OFV0dm5jSmNIZGJ4Y2ZIVEg5RElxbGwvY0pwb2ZndjJtM1kweDUKbm9VUW5xcDhaOTZCRnU4bjhJbUk1ZUdNWWRZOG5EMzdYOGFhQ1N2Zm5TOTNRbnFyZ2Y3QVZFNTZESHQvZHVVVgpUMFNQakZsMmoxcDhsU2IvYnhjQ0F3RUFBYU1qTUNFd0RnWURWUjBQQVFIL0JBUURBZ0trTUE4R0ExVWRFd0VCCi93UUZNQU1CQWY4d0RRWUpLb1pJaHZjTkFRRUxCUUFEZ2dFQkFDdjNpdFlmaE5sRTl4QkJnTnVPRTRSVmczTTEKWWtSY0prbkRHUGdhcmFScUd5S2NhUHUzdkI3MjdDS1E4Vk9BTURwZlVBTnRMMy9XVmxlYndWUDdmNWdhTFVyOQpxU3J6bmFJdWd1c0NyK3ZGZWtCbEZwWHU3NWdERmFLNXBCWEpyNTh5MW8rYXdIZlN6TElIQ3VSWmpITlI4dGo1Cmo1TVJrck9sR3JTZlEzay83bCt2R2RUaG1zbFRROXd1VTJXQWpTbXd4R3krMGtZT3JHOWFvdzhWa0U0d1lhbTcKUEY5OE5xMmcrOVM4WXpHOHQrcFdyS013ekVxSXpYSjFISmU1SEVTUDNCSUJqM3FZbklaVWNoeThBYlFCOVhtQgpxK0N3N1ZiTjFKY1o2ZDF5WFpuMWhqYS9wVklXZEJmQS9OYVNYU0ZlOXg2TkhVMDNkV2RyY0xxRWJDZz0KLS0tLS1FTkQgQ0VSVElGSUNBVEUtLS0tLQo="
              }
            ],
            "created_at": "2021-05-16 04:28:04.584 +0000 UTC",
            "enabled_cluster_log_types": [],
            "encryption_config": [],
            "endpoint": "https://5C86EF462DC28B790C21032915883297.gr7.us-east-2.eks.amazonaws.com",
            "id": "my-cluster",
            "identity": [
              {
                "oidc": [
                  {
                    "issuer": "https://oidc.eks.us-east-2.amazonaws.com/id/5C86EF462DC28B790C21032915883297"
                  }
                ]
              }
            ],
            "kubernetes_network_config": [
              {
                "service_ipv4_cidr": "172.20.0.0/16"
              }
            ],
            "name": "my-cluster",
            "platform_version": "eks.8",
            "role_arn": "arn:aws:iam::021510583954:role/my-cluster20210516042747095300000001",
            "status": "ACTIVE",
            "tags": {},
            "tags_all": {},
            "timeouts": {
              "create": "30m",
              "delete": "15m",
              "update": null
            },
            "version": "1.17",
            "vpc_config": [
              {
                "cluster_security_group_id": "sg-088c162aac0e0a738",
                "endpoint_private_access": false,
                "endpoint_public_access": true,
                "public_access_cidrs": [
                  "0.0.0.0/0"
                ],
                "security_group_ids": [
                  "sg-0a3afacee99ed381b"
                ],
                "subnet_ids": [
                  "subnet-0366f09b4f3974bf2",
                  "subnet-06951e6715274f9b7"
                ],
                "vpc_id": "vpc-09d6eb6fca9f64875"
              }
            ]
          },
          "sensitive_attributes": [],
          "private": "eyJlMmJmYjczMC1lY2FhLTExZTYtOGY4OC0zNDM2M2JjN2M0YzAiOnsiY3JlYXRlIjoxODAwMDAwMDAwMDAwLCJkZWxldGUiOjkwMDAwMDAwMDAwMCwidXBkYXRlIjozNjAwMDAwMDAwMDAwfX0=",
          "dependencies": [
            "data.aws_availability_zones.azs",
            "module.my_eks.aws_cloudwatch_log_group.this",
            "module.my_eks.aws_iam_role.cluster",
            "module.my_eks.aws_iam_role_policy_attachment.cluster_AmazonEKSClusterPolicy",
            "module.my_eks.aws_iam_role_policy_attachment.cluster_AmazonEKSServicePolicy",
            "module.my_eks.aws_iam_role_policy_attachment.cluster_AmazonEKSVPCResourceControllerPolicy",
            "module.my_eks.aws_security_group.cluster",
            "module.my_eks.aws_security_group.workers",
            "module.my_eks.aws_security_group_rule.cluster_egress_internet",
            "module.my_eks.aws_security_group_rule.cluster_https_worker_ingress",
            "module.my_eks.data.aws_iam_policy_document.cluster_assume_role_policy",
            "module.my_eks.data.aws_iam_role.custom_cluster_iam_role",
            "module.my_eks.data.aws_partition.current",
            "module.my_vpc.aws_subnet.private",
            "module.my_vpc.aws_vpc.this",
            "module.my_vpc.aws_vpc_ipv4_cidr_block_association.this"
          ],
          "create_before_destroy": true
        }
      ]
    },
    {
      "module": "module.my_eks",
      "mode": "managed",
      "type": "aws_iam_openid_connect_provider",
      "name": "oidc_provider",
      "provider": "provider[\"registry.terraform.io/hashicorp/aws\"]",
      "instances": [
        {
          "index_key": 0,
          "schema_version": 0,
          "attributes": {
            "arn": "arn:aws:iam::021510583954:oidc-provider/oidc.eks.us-east-2.amazonaws.com/id/5C86EF462DC28B790C21032915883297",
            "client_id_list": [
              "sts.amazonaws.com"
            ],
            "id": "arn:aws:iam::021510583954:oidc-provider/oidc.eks.us-east-2.amazonaws.com/id/5C86EF462DC28B790C21032915883297",
            "tags": {
              "Name": "my-cluster-eks-irsa"
            },
            "tags_all": {
              "Name": "my-cluster-eks-irsa"
            },
            "thumbprint_list": [
              "9e99a48a9960b14926bb7f3b02e22da2b0ab7280"
            ],
            "url": "oidc.eks.us-east-2.amazonaws.com/id/5C86EF462DC28B790C21032915883297"
          },
          "sensitive_attributes": [],
          "private": "bnVsbA==",
          "dependencies": [
            "data.aws_availability_zones.azs",
            "module.my_eks.aws_cloudwatch_log_group.this",
            "module.my_eks.aws_eks_cluster.this",
            "module.my_eks.aws_iam_role.cluster",
            "module.my_eks.aws_iam_role_policy_attachment.cluster_AmazonEKSClusterPolicy",
            "module.my_eks.aws_iam_role_policy_attachment.cluster_AmazonEKSServicePolicy",
            "module.my_eks.aws_iam_role_policy_attachment.cluster_AmazonEKSVPCResourceControllerPolicy",
            "module.my_eks.aws_security_group.cluster",
            "module.my_eks.aws_security_group.workers",
            "module.my_eks.aws_security_group_rule.cluster_egress_internet",
            "module.my_eks.aws_security_group_rule.cluster_https_worker_ingress",
            "module.my_eks.data.aws_iam_policy_document.cluster_assume_role_policy",
            "module.my_eks.data.aws_iam_role.custom_cluster_iam_role",
            "module.my_eks.data.aws_partition.current",
            "module.my_vpc.aws_subnet.private",
            "module.my_vpc.aws_vpc.this",
            "module.my_vpc.aws_vpc_ipv4_cidr_block_association.this"
          ]
        }
      ]
    },
    {
      "module": "module.my_eks",
      "mode": "managed",
      "type": "aws_iam_policy",
      "name": "cluster_elb_sl_role_creation",
      "provider": "provider[\"registry.terraform.io/hashicorp/aws\"]",
      "instances": [
        {
          "index_key": 0,
          "schema_version": 0,
          "attributes": {
            "arn": "arn:aws:iam::021510583954:policy/my-cluster-elb-sl-role-creation20210516042747096500000002",
            "description": "Permissions for EKS to create AWSServiceRoleForElasticLoadBalancing service-linked role",
            "id": "arn:aws:iam::021510583954:policy/my-cluster-elb-sl-role-creation20210516042747096500000002",
            "name": "my-cluster-elb-sl-role-creation20210516042747096500000002",
            "name_prefix": "my-cluster-elb-sl-role-creation",
            "path": "/",
            "policy": "{\n  \"Version\": \"2012-10-17\",\n  \"Statement\": [\n    {\n      \"Sid\": \"\",\n      \"Effect\": \"Allow\",\n      \"Action\": [\n        \"ec2:DescribeInternetGateways\",\n        \"ec2:DescribeAddresses\",\n        \"ec2:DescribeAccountAttributes\"\n      ],\n      \"Resource\": \"*\"\n    }\n  ]\n}",
            "policy_id": "ANPAQKARBO2JDEPELQZLW",
            "tags": {},
            "tags_all": {}
          },
          "sensitive_attributes": [],
          "private": "bnVsbA==",
          "dependencies": [
            "module.my_eks.data.aws_iam_policy_document.cluster_elb_sl_role_creation"
          ]
        }
      ]
    },
    {
      "module": "module.my_eks",
      "mode": "managed",
      "type": "aws_iam_role",
      "name": "cluster",
      "provider": "provider[\"registry.terraform.io/hashicorp/aws\"]",
      "instances": [
        {
          "index_key": 0,
          "schema_version": 0,
          "attributes": {
            "arn": "arn:aws:iam::021510583954:role/my-cluster20210516042747095300000001",
            "assume_role_policy": "{\"Version\":\"2012-10-17\",\"Statement\":[{\"Sid\":\"EKSClusterAssumeRole\",\"Effect\":\"Allow\",\"Principal\":{\"Service\":\"eks.amazonaws.com\"},\"Action\":\"sts:AssumeRole\"}]}",
            "create_date": "2021-05-16T04:27:46Z",
            "description": "",
            "force_detach_policies": true,
            "id": "my-cluster20210516042747095300000001",
            "inline_policy": [
              {
                "name": "",
                "policy": ""
              }
            ],
            "managed_policy_arns": [
              "arn:aws:iam::021510583954:policy/my-cluster-elb-sl-role-creation20210516042747096500000002",
              "arn:aws:iam::aws:policy/AmazonEKSClusterPolicy",
              "arn:aws:iam::aws:policy/AmazonEKSServicePolicy",
              "arn:aws:iam::aws:policy/AmazonEKSVPCResourceController"
            ],
            "max_session_duration": 3600,
            "name": "my-cluster20210516042747095300000001",
            "name_prefix": "my-cluster",
            "path": "/",
            "permissions_boundary": null,
            "tags": {},
            "tags_all": {},
            "unique_id": "AROAQKARBO2JABU3P4V5B"
          },
          "sensitive_attributes": [],
          "private": "bnVsbA==",
          "dependencies": [
            "module.my_eks.data.aws_iam_policy_document.cluster_assume_role_policy"
          ],
          "create_before_destroy": true
        }
      ]
    },
    {
      "module": "module.my_eks",
      "mode": "managed",
      "type": "aws_iam_role",
      "name": "workers",
      "provider": "provider[\"registry.terraform.io/hashicorp/aws\"]",
      "instances": [
        {
          "index_key": 0,
          "schema_version": 0,
          "attributes": {
            "arn": "arn:aws:iam::021510583954:role/my-cluster20210516043653425600000009",
            "assume_role_policy": "{\"Version\":\"2012-10-17\",\"Statement\":[{\"Sid\":\"EKSWorkerAssumeRole\",\"Effect\":\"Allow\",\"Principal\":{\"Service\":\"ec2.amazonaws.com\"},\"Action\":\"sts:AssumeRole\"}]}",
            "create_date": "2021-05-16T04:36:53Z",
            "description": "",
            "force_detach_policies": true,
            "id": "my-cluster20210516043653425600000009",
            "inline_policy": [
              {
                "name": "",
                "policy": ""
              }
            ],
            "managed_policy_arns": [
              "arn:aws:iam::aws:policy/AmazonEC2ContainerRegistryReadOnly",
              "arn:aws:iam::aws:policy/AmazonEKSWorkerNodePolicy",
              "arn:aws:iam::aws:policy/AmazonEKS_CNI_Policy"
            ],
            "max_session_duration": 3600,
            "name": "my-cluster20210516043653425600000009",
            "name_prefix": "my-cluster",
            "path": "/",
            "permissions_boundary": null,
            "tags": {},
            "tags_all": {},
            "unique_id": "AROAQKARBO2JIXFF2J3OA"
          },
          "sensitive_attributes": [],
          "private": "bnVsbA==",
          "dependencies": [
            "data.aws_availability_zones.azs",
            "module.my_eks.aws_cloudwatch_log_group.this",
            "module.my_eks.aws_eks_cluster.this",
            "module.my_eks.aws_iam_role.cluster",
            "module.my_eks.aws_iam_role_policy_attachment.cluster_AmazonEKSClusterPolicy",
            "module.my_eks.aws_iam_role_policy_attachment.cluster_AmazonEKSServicePolicy",
            "module.my_eks.aws_iam_role_policy_attachment.cluster_AmazonEKSVPCResourceControllerPolicy",
            "module.my_eks.aws_security_group.cluster",
            "module.my_eks.aws_security_group.workers",
            "module.my_eks.aws_security_group_rule.cluster_egress_internet",
            "module.my_eks.aws_security_group_rule.cluster_https_worker_ingress",
            "module.my_eks.data.aws_iam_policy_document.cluster_assume_role_policy",
            "module.my_eks.data.aws_iam_policy_document.workers_assume_role_policy",
            "module.my_eks.data.aws_iam_role.custom_cluster_iam_role",
            "module.my_eks.data.aws_partition.current",
            "module.my_vpc.aws_subnet.private",
            "module.my_vpc.aws_vpc.this",
            "module.my_vpc.aws_vpc_ipv4_cidr_block_association.this"
          ],
          "create_before_destroy": true
        }
      ]
    },
    {
      "module": "module.my_eks",
      "mode": "managed",
      "type": "aws_iam_role_policy_attachment",
      "name": "cluster_AmazonEKSClusterPolicy",
      "provider": "provider[\"registry.terraform.io/hashicorp/aws\"]",
      "instances": [
        {
          "index_key": 0,
          "schema_version": 0,
          "attributes": {
            "id": "my-cluster20210516042747095300000001-20210516042748560400000003",
            "policy_arn": "arn:aws:iam::aws:policy/AmazonEKSClusterPolicy",
            "role": "my-cluster20210516042747095300000001"
          },
          "sensitive_attributes": [],
          "private": "bnVsbA==",
          "dependencies": [
            "module.my_eks.aws_iam_role.cluster",
            "module.my_eks.data.aws_iam_policy_document.cluster_assume_role_policy",
            "module.my_eks.data.aws_partition.current"
          ],
          "create_before_destroy": true
        }
      ]
    },
    {
      "module": "module.my_eks",
      "mode": "managed",
      "type": "aws_iam_role_policy_attachment",
      "name": "cluster_AmazonEKSServicePolicy",
      "provider": "provider[\"registry.terraform.io/hashicorp/aws\"]",
      "instances": [
        {
          "index_key": 0,
          "schema_version": 0,
          "attributes": {
            "id": "my-cluster20210516042747095300000001-20210516042748578700000006",
            "policy_arn": "arn:aws:iam::aws:policy/AmazonEKSServicePolicy",
            "role": "my-cluster20210516042747095300000001"
          },
          "sensitive_attributes": [],
          "private": "bnVsbA==",
          "dependencies": [
            "module.my_eks.aws_iam_role.cluster",
            "module.my_eks.data.aws_iam_policy_document.cluster_assume_role_policy",
            "module.my_eks.data.aws_partition.current"
          ],
          "create_before_destroy": true
        }
      ]
    },
    {
      "module": "module.my_eks",
      "mode": "managed",
      "type": "aws_iam_role_policy_attachment",
      "name": "cluster_AmazonEKSVPCResourceControllerPolicy",
      "provider": "provider[\"registry.terraform.io/hashicorp/aws\"]",
      "instances": [
        {
          "index_key": 0,
          "schema_version": 0,
          "attributes": {
            "id": "my-cluster20210516042747095300000001-20210516042748564500000004",
            "policy_arn": "arn:aws:iam::aws:policy/AmazonEKSVPCResourceController",
            "role": "my-cluster20210516042747095300000001"
          },
          "sensitive_attributes": [],
          "private": "bnVsbA==",
          "dependencies": [
            "module.my_eks.aws_iam_role.cluster",
            "module.my_eks.data.aws_iam_policy_document.cluster_assume_role_policy",
            "module.my_eks.data.aws_partition.current"
          ],
          "create_before_destroy": true
        }
      ]
    },
    {
      "module": "module.my_eks",
      "mode": "managed",
      "type": "aws_iam_role_policy_attachment",
      "name": "cluster_elb_sl_role_creation",
      "provider": "provider[\"registry.terraform.io/hashicorp/aws\"]",
      "instances": [
        {
          "index_key": 0,
          "schema_version": 0,
          "attributes": {
            "id": "my-cluster20210516042747095300000001-20210516042748573000000005",
            "policy_arn": "arn:aws:iam::021510583954:policy/my-cluster-elb-sl-role-creation20210516042747096500000002",
            "role": "my-cluster20210516042747095300000001"
          },
          "sensitive_attributes": [],
          "private": "bnVsbA==",
          "dependencies": [
            "module.my_eks.aws_iam_policy.cluster_elb_sl_role_creation",
            "module.my_eks.aws_iam_role.cluster",
            "module.my_eks.data.aws_iam_policy_document.cluster_assume_role_policy",
            "module.my_eks.data.aws_iam_policy_document.cluster_elb_sl_role_creation"
          ]
        }
      ]
    },
    {
      "module": "module.my_eks",
      "mode": "managed",
      "type": "aws_iam_role_policy_attachment",
      "name": "workers_AmazonEC2ContainerRegistryReadOnly",
      "provider": "provider[\"registry.terraform.io/hashicorp/aws\"]",
      "instances": [
        {
          "index_key": 0,
          "schema_version": 0,
          "attributes": {
            "id": "my-cluster20210516043653425600000009-2021051604365514230000000c",
            "policy_arn": "arn:aws:iam::aws:policy/AmazonEC2ContainerRegistryReadOnly",
            "role": "my-cluster20210516043653425600000009"
          },
          "sensitive_attributes": [],
          "private": "bnVsbA==",
          "dependencies": [
            "data.aws_availability_zones.azs",
            "module.my_eks.aws_cloudwatch_log_group.this",
            "module.my_eks.aws_eks_cluster.this",
            "module.my_eks.aws_iam_role.cluster",
            "module.my_eks.aws_iam_role.workers",
            "module.my_eks.aws_iam_role_policy_attachment.cluster_AmazonEKSClusterPolicy",
            "module.my_eks.aws_iam_role_policy_attachment.cluster_AmazonEKSServicePolicy",
            "module.my_eks.aws_iam_role_policy_attachment.cluster_AmazonEKSVPCResourceControllerPolicy",
            "module.my_eks.aws_security_group.cluster",
            "module.my_eks.aws_security_group.workers",
            "module.my_eks.aws_security_group_rule.cluster_egress_internet",
            "module.my_eks.aws_security_group_rule.cluster_https_worker_ingress",
            "module.my_eks.data.aws_iam_policy_document.cluster_assume_role_policy",
            "module.my_eks.data.aws_iam_policy_document.workers_assume_role_policy",
            "module.my_eks.data.aws_iam_role.custom_cluster_iam_role",
            "module.my_eks.data.aws_partition.current",
            "module.my_vpc.aws_subnet.private",
            "module.my_vpc.aws_vpc.this",
            "module.my_vpc.aws_vpc_ipv4_cidr_block_association.this"
          ],
          "create_before_destroy": true
        }
      ]
    },
    {
      "module": "module.my_eks",
      "mode": "managed",
      "type": "aws_iam_role_policy_attachment",
      "name": "workers_AmazonEKSWorkerNodePolicy",
      "provider": "provider[\"registry.terraform.io/hashicorp/aws\"]",
      "instances": [
        {
          "index_key": 0,
          "schema_version": 0,
          "attributes": {
            "id": "my-cluster20210516043653425600000009-2021051604365517410000000e",
            "policy_arn": "arn:aws:iam::aws:policy/AmazonEKSWorkerNodePolicy",
            "role": "my-cluster20210516043653425600000009"
          },
          "sensitive_attributes": [],
          "private": "bnVsbA==",
          "dependencies": [
            "data.aws_availability_zones.azs",
            "module.my_eks.aws_cloudwatch_log_group.this",
            "module.my_eks.aws_eks_cluster.this",
            "module.my_eks.aws_iam_role.cluster",
            "module.my_eks.aws_iam_role.workers",
            "module.my_eks.aws_iam_role_policy_attachment.cluster_AmazonEKSClusterPolicy",
            "module.my_eks.aws_iam_role_policy_attachment.cluster_AmazonEKSServicePolicy",
            "module.my_eks.aws_iam_role_policy_attachment.cluster_AmazonEKSVPCResourceControllerPolicy",
            "module.my_eks.aws_security_group.cluster",
            "module.my_eks.aws_security_group.workers",
            "module.my_eks.aws_security_group_rule.cluster_egress_internet",
            "module.my_eks.aws_security_group_rule.cluster_https_worker_ingress",
            "module.my_eks.data.aws_iam_policy_document.cluster_assume_role_policy",
            "module.my_eks.data.aws_iam_policy_document.workers_assume_role_policy",
            "module.my_eks.data.aws_iam_role.custom_cluster_iam_role",
            "module.my_eks.data.aws_partition.current",
            "module.my_vpc.aws_subnet.private",
            "module.my_vpc.aws_vpc.this",
            "module.my_vpc.aws_vpc_ipv4_cidr_block_association.this"
          ],
          "create_before_destroy": true
        }
      ]
    },
    {
      "module": "module.my_eks",
      "mode": "managed",
      "type": "aws_iam_role_policy_attachment",
      "name": "workers_AmazonEKS_CNI_Policy",
      "provider": "provider[\"registry.terraform.io/hashicorp/aws\"]",
      "instances": [
        {
          "index_key": 0,
          "schema_version": 0,
          "attributes": {
            "id": "my-cluster20210516043653425600000009-2021051604365517060000000d",
            "policy_arn": "arn:aws:iam::aws:policy/AmazonEKS_CNI_Policy",
            "role": "my-cluster20210516043653425600000009"
          },
          "sensitive_attributes": [],
          "private": "bnVsbA==",
          "dependencies": [
            "data.aws_availability_zones.azs",
            "module.my_eks.aws_cloudwatch_log_group.this",
            "module.my_eks.aws_eks_cluster.this",
            "module.my_eks.aws_iam_role.cluster",
            "module.my_eks.aws_iam_role.workers",
            "module.my_eks.aws_iam_role_policy_attachment.cluster_AmazonEKSClusterPolicy",
            "module.my_eks.aws_iam_role_policy_attachment.cluster_AmazonEKSServicePolicy",
            "module.my_eks.aws_iam_role_policy_attachment.cluster_AmazonEKSVPCResourceControllerPolicy",
            "module.my_eks.aws_security_group.cluster",
            "module.my_eks.aws_security_group.workers",
            "module.my_eks.aws_security_group_rule.cluster_egress_internet",
            "module.my_eks.aws_security_group_rule.cluster_https_worker_ingress",
            "module.my_eks.data.aws_iam_policy_document.cluster_assume_role_policy",
            "module.my_eks.data.aws_iam_policy_document.workers_assume_role_policy",
            "module.my_eks.data.aws_iam_role.custom_cluster_iam_role",
            "module.my_eks.data.aws_partition.current",
            "module.my_vpc.aws_subnet.private",
            "module.my_vpc.aws_vpc.this",
            "module.my_vpc.aws_vpc_ipv4_cidr_block_association.this"
          ],
          "create_before_destroy": true
        }
      ]
    },
    {
      "module": "module.my_eks",
      "mode": "managed",
      "type": "aws_security_group",
      "name": "cluster",
      "provider": "provider[\"registry.terraform.io/hashicorp/aws\"]",
      "instances": [
        {
          "index_key": 0,
          "schema_version": 1,
          "attributes": {
            "arn": "arn:aws:ec2:us-east-2:021510583954:security-group/sg-0a3afacee99ed381b",
            "description": "EKS cluster security group.",
            "egress": [
              {
                "cidr_blocks": [
                  "0.0.0.0/0"
                ],
                "description": "Allow cluster egress access to the Internet.",
                "from_port": 0,
                "ipv6_cidr_blocks": [],
                "prefix_list_ids": [],
                "protocol": "-1",
                "security_groups": [],
                "self": false,
                "to_port": 0
              }
            ],
            "id": "sg-0a3afacee99ed381b",
            "ingress": [
              {
                "cidr_blocks": [
                  "0.0.0.0/32"
                ],
                "description": "Allow traffic from localhost",
                "from_port": 443,
                "ipv6_cidr_blocks": [],
                "prefix_list_ids": [],
                "protocol": "tcp",
                "security_groups": [],
                "self": false,
                "to_port": 443
              },
              {
                "cidr_blocks": [],
                "description": "Allow pods to communicate with the EKS cluster API.",
                "from_port": 443,
                "ipv6_cidr_blocks": [],
                "prefix_list_ids": [],
                "protocol": "tcp",
                "security_groups": [
                  "sg-0a6691082ad89c9c5"
                ],
                "self": false,
                "to_port": 443
              }
            ],
            "name": "my-cluster20210516042800226500000007",
            "name_prefix": "my-cluster",
            "owner_id": "021510583954",
            "revoke_rules_on_delete": false,
            "tags": {
              "Name": "my-cluster-eks_cluster_sg"
            },
            "tags_all": {
              "Name": "my-cluster-eks_cluster_sg"
            },
            "timeouts": null,
            "vpc_id": "vpc-09d6eb6fca9f64875"
          },
          "sensitive_attributes": [],
          "private": "eyJlMmJmYjczMC1lY2FhLTExZTYtOGY4OC0zNDM2M2JjN2M0YzAiOnsiY3JlYXRlIjo2MDAwMDAwMDAwMDAsImRlbGV0ZSI6OTAwMDAwMDAwMDAwfSwic2NoZW1hX3ZlcnNpb24iOiIxIn0=",
          "dependencies": [
            "module.my_vpc.aws_vpc.this"
          ],
          "create_before_destroy": true
        }
      ]
    },
    {
      "module": "module.my_eks",
      "mode": "managed",
      "type": "aws_security_group",
      "name": "workers",
      "provider": "provider[\"registry.terraform.io/hashicorp/aws\"]",
      "instances": [
        {
          "index_key": 0,
          "schema_version": 1,
          "attributes": {
            "arn": "arn:aws:ec2:us-east-2:021510583954:security-group/sg-0a6691082ad89c9c5",
            "description": "Security group for all nodes in the cluster.",
            "egress": [
              {
                "cidr_blocks": [
                  "0.0.0.0/0"
                ],
                "description": "Allow nodes all egress to the Internet.",
                "from_port": 0,
                "ipv6_cidr_blocks": [],
                "prefix_list_ids": [],
                "protocol": "-1",
                "security_groups": [],
                "self": false,
                "to_port": 0
              }
            ],
            "id": "sg-0a6691082ad89c9c5",
            "ingress": [
              {
                "cidr_blocks": [],
                "description": "Allow node to communicate with each other.",
                "from_port": 0,
                "ipv6_cidr_blocks": [],
                "prefix_list_ids": [],
                "protocol": "-1",
                "security_groups": [],
                "self": true,
                "to_port": 0
              },
              {
                "cidr_blocks": [],
                "description": "Allow pods running extension API servers on port 443 to receive communication from cluster control plane.",
                "from_port": 443,
                "ipv6_cidr_blocks": [],
                "prefix_list_ids": [],
                "protocol": "tcp",
                "security_groups": [
                  "sg-0a3afacee99ed381b"
                ],
                "self": false,
                "to_port": 443
              },
              {
                "cidr_blocks": [],
                "description": "Allow workers pods to receive communication from the cluster control plane.",
                "from_port": 1025,
                "ipv6_cidr_blocks": [],
                "prefix_list_ids": [],
                "protocol": "tcp",
                "security_groups": [
                  "sg-0a3afacee99ed381b"
                ],
                "self": false,
                "to_port": 65535
              }
            ],
            "name": "my-cluster20210516042800226800000008",
            "name_prefix": "my-cluster",
            "owner_id": "021510583954",
            "revoke_rules_on_delete": false,
            "tags": {
              "Name": "my-cluster-eks_worker_sg",
              "kubernetes.io/cluster/my-cluster": "owned"
            },
            "tags_all": {
              "Name": "my-cluster-eks_worker_sg",
              "kubernetes.io/cluster/my-cluster": "owned"
            },
            "timeouts": null,
            "vpc_id": "vpc-09d6eb6fca9f64875"
          },
          "sensitive_attributes": [],
          "private": "eyJlMmJmYjczMC1lY2FhLTExZTYtOGY4OC0zNDM2M2JjN2M0YzAiOnsiY3JlYXRlIjo2MDAwMDAwMDAwMDAsImRlbGV0ZSI6OTAwMDAwMDAwMDAwfSwic2NoZW1hX3ZlcnNpb24iOiIxIn0=",
          "dependencies": [
            "module.my_vpc.aws_vpc.this"
          ],
          "create_before_destroy": true
        }
      ]
    },
    {
      "module": "module.my_eks",
      "mode": "managed",
      "type": "aws_security_group_rule",
      "name": "cluster_egress_internet",
      "provider": "provider[\"registry.terraform.io/hashicorp/aws\"]",
      "instances": [
        {
          "index_key": 0,
          "schema_version": 2,
          "attributes": {
            "cidr_blocks": [
              "0.0.0.0/0"
            ],
            "description": "Allow cluster egress access to the Internet.",
            "from_port": 0,
            "id": "sgrule-473762250",
            "ipv6_cidr_blocks": [],
            "prefix_list_ids": [],
            "protocol": "-1",
            "security_group_id": "sg-0a3afacee99ed381b",
            "self": false,
            "source_security_group_id": null,
            "to_port": 0,
            "type": "egress"
          },
          "sensitive_attributes": [],
          "private": "eyJzY2hlbWFfdmVyc2lvbiI6IjIifQ==",
          "dependencies": [
            "module.my_eks.aws_security_group.cluster",
            "module.my_vpc.aws_vpc.this"
          ],
          "create_before_destroy": true
        }
      ]
    },
    {
      "module": "module.my_eks",
      "mode": "managed",
      "type": "aws_security_group_rule",
      "name": "cluster_https_worker_ingress",
      "provider": "provider[\"registry.terraform.io/hashicorp/aws\"]",
      "instances": [
        {
          "index_key": 0,
          "schema_version": 2,
          "attributes": {
            "cidr_blocks": [],
            "description": "Allow pods to communicate with the EKS cluster API.",
            "from_port": 443,
            "id": "sgrule-754949750",
            "ipv6_cidr_blocks": [],
            "prefix_list_ids": [],
            "protocol": "tcp",
            "security_group_id": "sg-0a3afacee99ed381b",
            "self": false,
            "source_security_group_id": "sg-0a6691082ad89c9c5",
            "to_port": 443,
            "type": "ingress"
          },
          "sensitive_attributes": [],
          "private": "eyJzY2hlbWFfdmVyc2lvbiI6IjIifQ==",
          "dependencies": [
            "module.my_eks.aws_security_group.cluster",
            "module.my_eks.aws_security_group.workers",
            "module.my_vpc.aws_vpc.this"
          ],
          "create_before_destroy": true
        }
      ]
    },
    {
      "module": "module.my_eks",
      "mode": "managed",
      "type": "aws_security_group_rule",
      "name": "workers_egress_internet",
      "provider": "provider[\"registry.terraform.io/hashicorp/aws\"]",
      "instances": [
        {
          "index_key": 0,
          "schema_version": 2,
          "attributes": {
            "cidr_blocks": [
              "0.0.0.0/0"
            ],
            "description": "Allow nodes all egress to the Internet.",
            "from_port": 0,
            "id": "sgrule-353746781",
            "ipv6_cidr_blocks": [],
            "prefix_list_ids": [],
            "protocol": "-1",
            "security_group_id": "sg-0a6691082ad89c9c5",
            "self": false,
            "source_security_group_id": null,
            "to_port": 0,
            "type": "egress"
          },
          "sensitive_attributes": [],
          "private": "eyJzY2hlbWFfdmVyc2lvbiI6IjIifQ==",
          "dependencies": [
            "module.my_eks.aws_security_group.workers",
            "module.my_vpc.aws_vpc.this"
          ],
          "create_before_destroy": true
        }
      ]
    },
    {
      "module": "module.my_eks",
      "mode": "managed",
      "type": "aws_security_group_rule",
      "name": "workers_ingress_cluster",
      "provider": "provider[\"registry.terraform.io/hashicorp/aws\"]",
      "instances": [
        {
          "index_key": 0,
          "schema_version": 2,
          "attributes": {
            "cidr_blocks": [],
            "description": "Allow workers pods to receive communication from the cluster control plane.",
            "from_port": 1025,
            "id": "sgrule-619204653",
            "ipv6_cidr_blocks": [],
            "prefix_list_ids": [],
            "protocol": "tcp",
            "security_group_id": "sg-0a6691082ad89c9c5",
            "self": false,
            "source_security_group_id": "sg-0a3afacee99ed381b",
            "to_port": 65535,
            "type": "ingress"
          },
          "sensitive_attributes": [],
          "private": "eyJzY2hlbWFfdmVyc2lvbiI6IjIifQ==",
          "dependencies": [
            "module.my_eks.aws_security_group.cluster",
            "module.my_eks.aws_security_group.workers",
            "module.my_vpc.aws_vpc.this"
          ],
          "create_before_destroy": true
        }
      ]
    },
    {
      "module": "module.my_eks",
      "mode": "managed",
      "type": "aws_security_group_rule",
      "name": "workers_ingress_cluster_https",
      "provider": "provider[\"registry.terraform.io/hashicorp/aws\"]",
      "instances": [
        {
          "index_key": 0,
          "schema_version": 2,
          "attributes": {
            "cidr_blocks": [],
            "description": "Allow pods running extension API servers on port 443 to receive communication from cluster control plane.",
            "from_port": 443,
            "id": "sgrule-152647550",
            "ipv6_cidr_blocks": [],
            "prefix_list_ids": [],
            "protocol": "tcp",
            "security_group_id": "sg-0a6691082ad89c9c5",
            "self": false,
            "source_security_group_id": "sg-0a3afacee99ed381b",
            "to_port": 443,
            "type": "ingress"
          },
          "sensitive_attributes": [],
          "private": "eyJzY2hlbWFfdmVyc2lvbiI6IjIifQ==",
          "dependencies": [
            "module.my_eks.aws_security_group.cluster",
            "module.my_eks.aws_security_group.workers",
            "module.my_vpc.aws_vpc.this"
          ],
          "create_before_destroy": true
        }
      ]
    },
    {
      "module": "module.my_eks",
      "mode": "managed",
      "type": "aws_security_group_rule",
      "name": "workers_ingress_self",
      "provider": "provider[\"registry.terraform.io/hashicorp/aws\"]",
      "instances": [
        {
          "index_key": 0,
          "schema_version": 2,
          "attributes": {
            "cidr_blocks": [],
            "description": "Allow node to communicate with each other.",
            "from_port": 0,
            "id": "sgrule-2263940733",
            "ipv6_cidr_blocks": [],
            "prefix_list_ids": [],
            "protocol": "-1",
            "security_group_id": "sg-0a6691082ad89c9c5",
            "self": false,
            "source_security_group_id": "sg-0a6691082ad89c9c5",
            "to_port": 0,
            "type": "ingress"
          },
          "sensitive_attributes": [],
          "private": "eyJzY2hlbWFfdmVyc2lvbiI6IjIifQ==",
          "dependencies": [
            "module.my_eks.aws_security_group.workers",
            "module.my_vpc.aws_vpc.this"
          ],
          "create_before_destroy": true
        }
      ]
    },
    {
      "module": "module.my_eks",
      "mode": "managed",
      "type": "kubernetes_config_map",
      "name": "aws_auth",
      "provider": "provider[\"registry.terraform.io/hashicorp/kubernetes\"]",
      "instances": [
        {
          "index_key": 0,
          "schema_version": 0,
          "attributes": {
            "binary_data": {},
            "data": {
              "mapAccounts": "[]\n",
              "mapRoles": "- \"groups\":\n  - \"system:bootstrappers\"\n  - \"system:nodes\"\n  \"rolearn\": \"arn:aws:iam::021510583954:role/my-cluster20210516043653425600000009\"\n  \"username\": \"system:node:{{EC2PrivateDNSName}}\"\n",
              "mapUsers": "- \"groups\":\n  - \"system:masters\"\n  \"userarn\": \"arn:aws:iam::021510583954:user/k8s-admin\"\n  \"username\": \"k8s-admin\"\n"
            },
            "id": "kube-system/aws-auth",
            "metadata": [
              {
                "annotations": {},
                "generate_name": "",
                "generation": 0,
                "labels": {
                  "app.kubernetes.io/managed-by": "Terraform",
                  "terraform.io/module": "terraform-aws-modules.eks.aws"
                },
                "name": "aws-auth",
                "namespace": "kube-system",
                "resource_version": "743",
                "self_link": "",
                "uid": "acea1172-b316-4184-b4bb-4cc3c82df630"
              }
            ]
          },
          "sensitive_attributes": [],
          "private": "bnVsbA==",
          "dependencies": [
            "data.aws_availability_zones.azs",
            "data.aws_eks_cluster.cluster",
            "module.my_eks.aws_cloudwatch_log_group.this",
            "module.my_eks.aws_eks_cluster.this",
            "module.my_eks.aws_iam_instance_profile.workers",
            "module.my_eks.aws_iam_instance_profile.workers_launch_template",
            "module.my_eks.aws_iam_role.cluster",
            "module.my_eks.aws_iam_role.workers",
            "module.my_eks.aws_iam_role_policy_attachment.cluster_AmazonEKSClusterPolicy",
            "module.my_eks.aws_iam_role_policy_attachment.cluster_AmazonEKSServicePolicy",
            "module.my_eks.aws_iam_role_policy_attachment.cluster_AmazonEKSVPCResourceControllerPolicy",
            "module.my_eks.aws_security_group.cluster",
            "module.my_eks.aws_security_group.workers",
            "module.my_eks.aws_security_group_rule.cluster_egress_internet",
            "module.my_eks.aws_security_group_rule.cluster_https_worker_ingress",
            "module.my_eks.aws_security_group_rule.cluster_private_access",
            "module.my_eks.data.aws_ami.eks_worker",
            "module.my_eks.data.aws_caller_identity.current",
            "module.my_eks.data.aws_iam_instance_profile.custom_worker_group_iam_instance_profile",
            "module.my_eks.data.aws_iam_instance_profile.custom_worker_group_launch_template_iam_instance_profile",
            "module.my_eks.data.aws_iam_policy_document.cluster_assume_role_policy",
            "module.my_eks.data.aws_iam_policy_document.workers_assume_role_policy",
            "module.my_eks.data.aws_iam_role.custom_cluster_iam_role",
            "module.my_eks.data.aws_partition.current",
            "module.my_eks.module.fargate.aws_iam_role.eks_fargate_pod",
            "module.my_eks.module.fargate.data.aws_iam_policy_document.eks_fargate_pod_assume_role",
            "module.my_eks.module.fargate.data.aws_iam_role.custom_fargate_iam_role",
            "module.my_eks.null_resource.wait_for_cluster",
            "module.my_vpc.aws_subnet.private",
            "module.my_vpc.aws_vpc.this",
            "module.my_vpc.aws_vpc_ipv4_cidr_block_association.this"
          ],
          "create_before_destroy": true
        }
      ]
    },
    {
      "module": "module.my_eks",
      "mode": "managed",
      "type": "local_file",
      "name": "kubeconfig",
      "provider": "provider[\"registry.terraform.io/hashicorp/local\"]",
      "instances": [
        {
          "index_key": 0,
          "schema_version": 0,
          "attributes": {
            "content": "apiVersion: v1\npreferences: {}\nkind: Config\n\nclusters:\n- cluster:\n    server: https://5C86EF462DC28B790C21032915883297.gr7.us-east-2.eks.amazonaws.com\n    certificate-authority-data: LS0tLS1CRUdJTiBDRVJUSUZJQ0FURS0tLS0tCk1JSUN5RENDQWJDZ0F3SUJBZ0lCQURBTkJna3Foa2lHOXcwQkFRc0ZBREFWTVJNd0VRWURWUVFERXdwcmRXSmwKY201bGRHVnpNQjRYRFRJeE1EVXhOakEwTXpNeU5Wb1hEVE14TURVeE5EQTBNek15TlZvd0ZURVRNQkVHQTFVRQpBeE1LYTNWaVpYSnVaWFJsY3pDQ0FTSXdEUVlKS29aSWh2Y05BUUVCQlFBRGdnRVBBRENDQVFvQ2dnRUJBTmhkClFUa3JhWDhMalVZMHlMNUZXU2RoRXJGc2ZLOHlnZ0VEdWh6Q29jeUw4SVBaZEtCZnRPYUJoVFlRRzgyVGR2dHMKYlB0UU8vT0RpcUlSamdOZEEvcDQ5VWxHQ3o2RFB0RE5SUnN5Y1hPYUZZK3JJTWZkQ3VhSGk1aWR4RVhyc3NyNwpPeXg2STVyMUdvaDB5WkZrTitmYmlBNHh6SEI0cEkwS2x1cm1CZjRSOGNoRjBPdDNzQlYwVXFZRThWNmpoQVhkCmZndmxCT1I1cnhKNlduWE94MnJneFQ3aFR4OFV0dm5jSmNIZGJ4Y2ZIVEg5RElxbGwvY0pwb2ZndjJtM1kweDUKbm9VUW5xcDhaOTZCRnU4bjhJbUk1ZUdNWWRZOG5EMzdYOGFhQ1N2Zm5TOTNRbnFyZ2Y3QVZFNTZESHQvZHVVVgpUMFNQakZsMmoxcDhsU2IvYnhjQ0F3RUFBYU1qTUNFd0RnWURWUjBQQVFIL0JBUURBZ0trTUE4R0ExVWRFd0VCCi93UUZNQU1CQWY4d0RRWUpLb1pJaHZjTkFRRUxCUUFEZ2dFQkFDdjNpdFlmaE5sRTl4QkJnTnVPRTRSVmczTTEKWWtSY0prbkRHUGdhcmFScUd5S2NhUHUzdkI3MjdDS1E4Vk9BTURwZlVBTnRMMy9XVmxlYndWUDdmNWdhTFVyOQpxU3J6bmFJdWd1c0NyK3ZGZWtCbEZwWHU3NWdERmFLNXBCWEpyNTh5MW8rYXdIZlN6TElIQ3VSWmpITlI4dGo1Cmo1TVJrck9sR3JTZlEzay83bCt2R2RUaG1zbFRROXd1VTJXQWpTbXd4R3krMGtZT3JHOWFvdzhWa0U0d1lhbTcKUEY5OE5xMmcrOVM4WXpHOHQrcFdyS013ekVxSXpYSjFISmU1SEVTUDNCSUJqM3FZbklaVWNoeThBYlFCOVhtQgpxK0N3N1ZiTjFKY1o2ZDF5WFpuMWhqYS9wVklXZEJmQS9OYVNYU0ZlOXg2TkhVMDNkV2RyY0xxRWJDZz0KLS0tLS1FTkQgQ0VSVElGSUNBVEUtLS0tLQo=\n  name: eks_my-cluster\n\ncontexts:\n- context:\n    cluster: eks_my-cluster\n    user: eks_my-cluster\n  name: eks_my-cluster\n\ncurrent-context: eks_my-cluster\n\nusers:\n- name: eks_my-cluster\n  user:\n    exec:\n      apiVersion: client.authentication.k8s.io/v1alpha1\n      command: aws-iam-authenticator\n      args:\n        - \"token\"\n        - \"-i\"\n        - \"my-cluster\"\n",
            "content_base64": null,
            "directory_permission": "0755",
            "file_permission": "0644",
            "filename": "./kubeconfig_my-cluster",
            "id": "c2ac3c3e4d4ac8f3e7ca2607299ecbcce824422a",
            "sensitive_content": null,
            "source": null
          },
          "sensitive_attributes": [],
          "private": "bnVsbA==",
          "dependencies": [
            "data.aws_availability_zones.azs",
            "module.my_eks.aws_cloudwatch_log_group.this",
            "module.my_eks.aws_eks_cluster.this",
            "module.my_eks.aws_iam_role.cluster",
            "module.my_eks.aws_iam_role_policy_attachment.cluster_AmazonEKSClusterPolicy",
            "module.my_eks.aws_iam_role_policy_attachment.cluster_AmazonEKSServicePolicy",
            "module.my_eks.aws_iam_role_policy_attachment.cluster_AmazonEKSVPCResourceControllerPolicy",
            "module.my_eks.aws_security_group.cluster",
            "module.my_eks.aws_security_group.workers",
            "module.my_eks.aws_security_group_rule.cluster_egress_internet",
            "module.my_eks.aws_security_group_rule.cluster_https_worker_ingress",
            "module.my_eks.data.aws_iam_policy_document.cluster_assume_role_policy",
            "module.my_eks.data.aws_iam_role.custom_cluster_iam_role",
            "module.my_eks.data.aws_partition.current",
            "module.my_vpc.aws_subnet.private",
            "module.my_vpc.aws_vpc.this",
            "module.my_vpc.aws_vpc_ipv4_cidr_block_association.this"
          ]
        }
      ]
    },
    {
      "module": "module.my_eks",
      "mode": "managed",
      "type": "null_resource",
      "name": "wait_for_cluster",
      "provider": "provider[\"registry.terraform.io/hashicorp/null\"]",
      "instances": [
        {
          "index_key": 0,
          "schema_version": 0,
          "attributes": {
            "id": "6952474622642565627",
            "triggers": null
          },
          "sensitive_attributes": [],
          "private": "bnVsbA==",
          "dependencies": [
            "data.aws_availability_zones.azs",
            "module.my_eks.aws_cloudwatch_log_group.this",
            "module.my_eks.aws_eks_cluster.this",
            "module.my_eks.aws_iam_role.cluster",
            "module.my_eks.aws_iam_role_policy_attachment.cluster_AmazonEKSClusterPolicy",
            "module.my_eks.aws_iam_role_policy_attachment.cluster_AmazonEKSServicePolicy",
            "module.my_eks.aws_iam_role_policy_attachment.cluster_AmazonEKSVPCResourceControllerPolicy",
            "module.my_eks.aws_security_group.cluster",
            "module.my_eks.aws_security_group.workers",
            "module.my_eks.aws_security_group_rule.cluster_egress_internet",
            "module.my_eks.aws_security_group_rule.cluster_https_worker_ingress",
            "module.my_eks.aws_security_group_rule.cluster_private_access",
            "module.my_eks.data.aws_iam_policy_document.cluster_assume_role_policy",
            "module.my_eks.data.aws_iam_role.custom_cluster_iam_role",
            "module.my_eks.data.aws_partition.current",
            "module.my_vpc.aws_subnet.private",
            "module.my_vpc.aws_vpc.this",
            "module.my_vpc.aws_vpc_ipv4_cidr_block_association.this"
          ],
          "create_before_destroy": true
        }
      ]
    },
    {
      "module": "module.my_eks.module.node_groups",
      "mode": "managed",
      "type": "aws_eks_node_group",
      "name": "workers",
      "provider": "provider[\"registry.terraform.io/hashicorp/aws\"]",
      "instances": [
        {
          "index_key": "private",
          "schema_version": 0,
          "attributes": {
            "ami_type": "AL2_x86_64",
            "arn": "arn:aws:eks:us-east-2:021510583954:nodegroup/my-cluster/my-cluster-private-sweeping-sunbird/38bcb9bb-b7ae-f280-712e-b3af93e0f3ad",
            "capacity_type": "ON_DEMAND",
            "cluster_name": "my-cluster",
            "disk_size": 100,
            "force_update_version": null,
            "id": "my-cluster:my-cluster-private-sweeping-sunbird",
            "instance_types": [
              "t2.medium"
            ],
            "labels": {},
            "launch_template": [],
            "node_group_name": "my-cluster-private-sweeping-sunbird",
            "node_group_name_prefix": "",
            "node_role_arn": "arn:aws:iam::021510583954:role/my-cluster20210516043653425600000009",
            "release_version": "1.17.12-20210512",
            "remote_access": [],
            "resources": [
              {
                "autoscaling_groups": [
                  {
                    "name": "eks-38bcb9bb-b7ae-f280-712e-b3af93e0f3ad"
                  }
                ],
                "remote_access_security_group_id": ""
              }
            ],
            "scaling_config": [
              {
                "desired_size": 2,
                "max_size": 2,
                "min_size": 1
              }
            ],
            "status": "ACTIVE",
            "subnet_ids": [
              "subnet-0366f09b4f3974bf2",
              "subnet-06951e6715274f9b7"
            ],
            "tags": {},
            "tags_all": {},
            "timeouts": null,
            "version": "1.17"
          },
          "sensitive_attributes": [],
          "private": "eyJlMmJmYjczMC1lY2FhLTExZTYtOGY4OC0zNDM2M2JjN2M0YzAiOnsiY3JlYXRlIjozNjAwMDAwMDAwMDAwLCJkZWxldGUiOjM2MDAwMDAwMDAwMDAsInVwZGF0ZSI6MzYwMDAwMDAwMDAwMH19",
          "dependencies": [
            "data.aws_availability_zones.azs",
            "data.aws_eks_cluster.cluster",
            "module.my_eks.aws_cloudwatch_log_group.this",
            "module.my_eks.aws_eks_cluster.this",
            "module.my_eks.aws_iam_instance_profile.workers",
            "module.my_eks.aws_iam_instance_profile.workers_launch_template",
            "module.my_eks.aws_iam_role.cluster",
            "module.my_eks.aws_iam_role.workers",
            "module.my_eks.aws_iam_role_policy_attachment.cluster_AmazonEKSClusterPolicy",
            "module.my_eks.aws_iam_role_policy_attachment.cluster_AmazonEKSServicePolicy",
            "module.my_eks.aws_iam_role_policy_attachment.cluster_AmazonEKSVPCResourceControllerPolicy",
            "module.my_eks.aws_iam_role_policy_attachment.workers_AmazonEC2ContainerRegistryReadOnly",
            "module.my_eks.aws_iam_role_policy_attachment.workers_AmazonEKSWorkerNodePolicy",
            "module.my_eks.aws_iam_role_policy_attachment.workers_AmazonEKS_CNI_Policy",
            "module.my_eks.aws_security_group.cluster",
            "module.my_eks.aws_security_group.workers",
            "module.my_eks.aws_security_group_rule.cluster_egress_internet",
            "module.my_eks.aws_security_group_rule.cluster_https_worker_ingress",
            "module.my_eks.aws_security_group_rule.cluster_private_access",
            "module.my_eks.data.aws_ami.eks_worker",
            "module.my_eks.data.aws_caller_identity.current",
            "module.my_eks.data.aws_iam_instance_profile.custom_worker_group_iam_instance_profile",
            "module.my_eks.data.aws_iam_instance_profile.custom_worker_group_launch_template_iam_instance_profile",
            "module.my_eks.data.aws_iam_policy_document.cluster_assume_role_policy",
            "module.my_eks.data.aws_iam_policy_document.workers_assume_role_policy",
            "module.my_eks.data.aws_iam_role.custom_cluster_iam_role",
            "module.my_eks.data.aws_partition.current",
            "module.my_eks.kubernetes_config_map.aws_auth",
            "module.my_eks.module.fargate.aws_iam_role.eks_fargate_pod",
            "module.my_eks.module.fargate.data.aws_iam_policy_document.eks_fargate_pod_assume_role",
            "module.my_eks.module.fargate.data.aws_iam_role.custom_fargate_iam_role",
            "module.my_eks.module.node_groups.aws_launch_template.workers",
            "module.my_eks.module.node_groups.data.cloudinit_config.workers_userdata",
            "module.my_eks.module.node_groups.random_pet.node_groups",
            "module.my_eks.null_resource.wait_for_cluster",
            "module.my_vpc.aws_subnet.private",
            "module.my_vpc.aws_vpc.this",
            "module.my_vpc.aws_vpc_ipv4_cidr_block_association.this"
          ],
          "create_before_destroy": true
        }
      ]
    },
    {
      "module": "module.my_eks.module.node_groups",
      "mode": "managed",
      "type": "random_pet",
      "name": "node_groups",
      "provider": "provider[\"registry.terraform.io/hashicorp/random\"]",
      "instances": [
        {
          "index_key": "private",
          "schema_version": 0,
          "attributes": {
            "id": "sweeping-sunbird",
            "keepers": {
              "disk_size": "100",
              "iam_role_arn": "arn:aws:iam::021510583954:role/my-cluster20210516043653425600000009",
              "instance_types": "t2.medium",
              "key_name": "",
              "node_group_name": "my-cluster-private",
              "source_security_group_ids": "",
              "subnet_ids": "subnet-0366f09b4f3974bf2|subnet-06951e6715274f9b7"
            },
            "length": 2,
            "prefix": null,
            "separator": "-"
          },
          "sensitive_attributes": [],
          "private": "bnVsbA==",
          "dependencies": [
            "data.aws_availability_zones.azs",
            "data.aws_eks_cluster.cluster",
            "module.my_eks.aws_cloudwatch_log_group.this",
            "module.my_eks.aws_eks_cluster.this",
            "module.my_eks.aws_iam_instance_profile.workers",
            "module.my_eks.aws_iam_instance_profile.workers_launch_template",
            "module.my_eks.aws_iam_role.cluster",
            "module.my_eks.aws_iam_role.workers",
            "module.my_eks.aws_iam_role_policy_attachment.cluster_AmazonEKSClusterPolicy",
            "module.my_eks.aws_iam_role_policy_attachment.cluster_AmazonEKSServicePolicy",
            "module.my_eks.aws_iam_role_policy_attachment.cluster_AmazonEKSVPCResourceControllerPolicy",
            "module.my_eks.aws_iam_role_policy_attachment.workers_AmazonEC2ContainerRegistryReadOnly",
            "module.my_eks.aws_iam_role_policy_attachment.workers_AmazonEKSWorkerNodePolicy",
            "module.my_eks.aws_iam_role_policy_attachment.workers_AmazonEKS_CNI_Policy",
            "module.my_eks.aws_security_group.cluster",
            "module.my_eks.aws_security_group.workers",
            "module.my_eks.aws_security_group_rule.cluster_egress_internet",
            "module.my_eks.aws_security_group_rule.cluster_https_worker_ingress",
            "module.my_eks.aws_security_group_rule.cluster_private_access",
            "module.my_eks.data.aws_ami.eks_worker",
            "module.my_eks.data.aws_caller_identity.current",
            "module.my_eks.data.aws_iam_instance_profile.custom_worker_group_iam_instance_profile",
            "module.my_eks.data.aws_iam_instance_profile.custom_worker_group_launch_template_iam_instance_profile",
            "module.my_eks.data.aws_iam_policy_document.cluster_assume_role_policy",
            "module.my_eks.data.aws_iam_policy_document.workers_assume_role_policy",
            "module.my_eks.data.aws_iam_role.custom_cluster_iam_role",
            "module.my_eks.data.aws_partition.current",
            "module.my_eks.kubernetes_config_map.aws_auth",
            "module.my_eks.module.fargate.aws_iam_role.eks_fargate_pod",
            "module.my_eks.module.fargate.data.aws_iam_policy_document.eks_fargate_pod_assume_role",
            "module.my_eks.module.fargate.data.aws_iam_role.custom_fargate_iam_role",
            "module.my_eks.null_resource.wait_for_cluster",
            "module.my_vpc.aws_subnet.private",
            "module.my_vpc.aws_vpc.this",
            "module.my_vpc.aws_vpc_ipv4_cidr_block_association.this"
          ],
          "create_before_destroy": true
        }
      ]
    },
    {
      "module": "module.my_vpc",
      "mode": "managed",
      "type": "aws_eip",
      "name": "nat",
      "provider": "provider[\"registry.terraform.io/hashicorp/aws\"]",
      "instances": [
        {
          "index_key": 0,
          "schema_version": 0,
          "attributes": {
            "address": null,
            "allocation_id": null,
            "associate_with_private_ip": null,
            "association_id": "eipassoc-0a696d385184c44b8",
            "carrier_ip": "",
            "customer_owned_ip": "",
            "customer_owned_ipv4_pool": "",
            "domain": "vpc",
            "id": "eipalloc-02d7d4a0c4e8782f1",
            "instance": "",
            "network_border_group": "us-east-2",
            "network_interface": "eni-0c156211d96587692",
            "private_dns": "ip-10-0-100-119.us-east-2.compute.internal",
            "private_ip": "10.0.100.119",
            "public_dns": "ec2-3-20-201-180.us-east-2.compute.amazonaws.com",
            "public_ip": "3.20.201.180",
            "public_ipv4_pool": "amazon",
            "tags": {
              "Name": "eks_vpc-us-east-2a",
              "kubernetes.io/cluster/my-cluster": "shared"
            },
            "tags_all": {
              "Name": "eks_vpc-us-east-2a",
              "kubernetes.io/cluster/my-cluster": "shared"
            },
            "timeouts": null,
            "vpc": true
          },
          "sensitive_attributes": [],
          "private": "eyJlMmJmYjczMC1lY2FhLTExZTYtOGY4OC0zNDM2M2JjN2M0YzAiOnsiZGVsZXRlIjoxODAwMDAwMDAwMDAsInJlYWQiOjkwMDAwMDAwMDAwMCwidXBkYXRlIjozMDAwMDAwMDAwMDB9fQ==",
          "dependencies": [
            "data.aws_availability_zones.azs"
          ]
        }
      ]
    },
    {
      "module": "module.my_vpc",
      "mode": "managed",
      "type": "aws_internet_gateway",
      "name": "this",
      "provider": "provider[\"registry.terraform.io/hashicorp/aws\"]",
      "instances": [
        {
          "index_key": 0,
          "schema_version": 0,
          "attributes": {
            "arn": "arn:aws:ec2:us-east-2:021510583954:internet-gateway/igw-05e0b9ec2efba6734",
            "id": "igw-05e0b9ec2efba6734",
            "owner_id": "021510583954",
            "tags": {
              "Name": "eks_vpc",
              "kubernetes.io/cluster/my-cluster": "shared"
            },
            "tags_all": {
              "Name": "eks_vpc",
              "kubernetes.io/cluster/my-cluster": "shared"
            },
            "vpc_id": "vpc-09d6eb6fca9f64875"
          },
          "sensitive_attributes": [],
          "private": "bnVsbA==",
          "dependencies": [
            "module.my_vpc.aws_vpc.this",
            "module.my_vpc.aws_vpc_ipv4_cidr_block_association.this"
          ]
        }
      ]
    },
    {
      "module": "module.my_vpc",
      "mode": "managed",
      "type": "aws_nat_gateway",
      "name": "this",
      "provider": "provider[\"registry.terraform.io/hashicorp/aws\"]",
      "instances": [
        {
          "index_key": 0,
          "schema_version": 0,
          "attributes": {
            "allocation_id": "eipalloc-02d7d4a0c4e8782f1",
            "id": "nat-07f636c549a7b63f6",
            "network_interface_id": "eni-0c156211d96587692",
            "private_ip": "10.0.100.119",
            "public_ip": "3.20.201.180",
            "subnet_id": "subnet-0b11e654fbde8c02e",
            "tags": {
              "Name": "eks_vpc-us-east-2a",
              "kubernetes.io/cluster/my-cluster": "shared"
            },
            "tags_all": {
              "Name": "eks_vpc-us-east-2a",
              "kubernetes.io/cluster/my-cluster": "shared"
            }
          },
          "sensitive_attributes": [],
          "private": "bnVsbA==",
          "dependencies": [
            "data.aws_availability_zones.azs",
            "module.my_vpc.aws_eip.nat",
            "module.my_vpc.aws_internet_gateway.this",
            "module.my_vpc.aws_subnet.public",
            "module.my_vpc.aws_vpc.this",
            "module.my_vpc.aws_vpc_ipv4_cidr_block_association.this"
          ]
        }
      ]
    },
    {
      "module": "module.my_vpc",
      "mode": "managed",
      "type": "aws_route",
      "name": "private_nat_gateway",
      "provider": "provider[\"registry.terraform.io/hashicorp/aws\"]",
      "instances": [
        {
          "index_key": 0,
          "schema_version": 0,
          "attributes": {
            "carrier_gateway_id": "",
            "destination_cidr_block": "0.0.0.0/0",
            "destination_ipv6_cidr_block": "",
            "destination_prefix_list_id": "",
            "egress_only_gateway_id": "",
            "gateway_id": "",
            "id": "r-rtb-0634b44442da04cc91080289494",
            "instance_id": "",
            "instance_owner_id": "",
            "local_gateway_id": "",
            "nat_gateway_id": "nat-07f636c549a7b63f6",
            "network_interface_id": "",
            "origin": "CreateRoute",
            "route_table_id": "rtb-0634b44442da04cc9",
            "state": "active",
            "timeouts": {
              "create": "5m",
              "delete": null
            },
            "transit_gateway_id": "",
            "vpc_endpoint_id": "",
            "vpc_peering_connection_id": ""
          },
          "sensitive_attributes": [],
          "private": "eyJlMmJmYjczMC1lY2FhLTExZTYtOGY4OC0zNDM2M2JjN2M0YzAiOnsiY3JlYXRlIjozMDAwMDAwMDAwMDAsImRlbGV0ZSI6MzAwMDAwMDAwMDAwfX0=",
          "dependencies": [
            "data.aws_availability_zones.azs",
            "module.my_vpc.aws_eip.nat",
            "module.my_vpc.aws_internet_gateway.this",
            "module.my_vpc.aws_nat_gateway.this",
            "module.my_vpc.aws_route_table.private",
            "module.my_vpc.aws_subnet.public",
            "module.my_vpc.aws_vpc.this",
            "module.my_vpc.aws_vpc_ipv4_cidr_block_association.this"
          ]
        }
      ]
    },
    {
      "module": "module.my_vpc",
      "mode": "managed",
      "type": "aws_route",
      "name": "public_internet_gateway",
      "provider": "provider[\"registry.terraform.io/hashicorp/aws\"]",
      "instances": [
        {
          "index_key": 0,
          "schema_version": 0,
          "attributes": {
            "carrier_gateway_id": "",
            "destination_cidr_block": "0.0.0.0/0",
            "destination_ipv6_cidr_block": "",
            "destination_prefix_list_id": "",
            "egress_only_gateway_id": "",
            "gateway_id": "igw-05e0b9ec2efba6734",
            "id": "r-rtb-0992d72c6be7b6e801080289494",
            "instance_id": "",
            "instance_owner_id": "",
            "local_gateway_id": "",
            "nat_gateway_id": "",
            "network_interface_id": "",
            "origin": "CreateRoute",
            "route_table_id": "rtb-0992d72c6be7b6e80",
            "state": "active",
            "timeouts": {
              "create": "5m",
              "delete": null
            },
            "transit_gateway_id": "",
            "vpc_endpoint_id": "",
            "vpc_peering_connection_id": ""
          },
          "sensitive_attributes": [],
          "private": "eyJlMmJmYjczMC1lY2FhLTExZTYtOGY4OC0zNDM2M2JjN2M0YzAiOnsiY3JlYXRlIjozMDAwMDAwMDAwMDAsImRlbGV0ZSI6MzAwMDAwMDAwMDAwfX0=",
          "dependencies": [
            "module.my_vpc.aws_internet_gateway.this",
            "module.my_vpc.aws_route_table.public",
            "module.my_vpc.aws_vpc.this",
            "module.my_vpc.aws_vpc_ipv4_cidr_block_association.this"
          ]
        }
      ]
    },
    {
      "module": "module.my_vpc",
      "mode": "managed",
      "type": "aws_route_table",
      "name": "private",
      "provider": "provider[\"registry.terraform.io/hashicorp/aws\"]",
      "instances": [
        {
          "index_key": 0,
          "schema_version": 0,
          "attributes": {
            "arn": "arn:aws:ec2:us-east-2:021510583954:route-table/rtb-0634b44442da04cc9",
            "id": "rtb-0634b44442da04cc9",
            "owner_id": "021510583954",
            "propagating_vgws": [],
            "route": [
              {
                "carrier_gateway_id": "",
                "cidr_block": "0.0.0.0/0",
                "destination_prefix_list_id": "",
                "egress_only_gateway_id": "",
                "gateway_id": "",
                "instance_id": "",
                "ipv6_cidr_block": "",
                "local_gateway_id": "",
                "nat_gateway_id": "nat-07f636c549a7b63f6",
                "network_interface_id": "",
                "transit_gateway_id": "",
                "vpc_endpoint_id": "",
                "vpc_peering_connection_id": ""
              }
            ],
            "tags": {
              "Name": "eks_vpc-private",
              "kubernetes.io/cluster/my-cluster": "shared"
            },
            "tags_all": {
              "Name": "eks_vpc-private",
              "kubernetes.io/cluster/my-cluster": "shared"
            },
            "vpc_id": "vpc-09d6eb6fca9f64875"
          },
          "sensitive_attributes": [],
          "private": "bnVsbA==",
          "dependencies": [
            "data.aws_availability_zones.azs",
            "module.my_vpc.aws_vpc.this",
            "module.my_vpc.aws_vpc_ipv4_cidr_block_association.this"
          ]
        }
      ]
    },
    {
      "module": "module.my_vpc",
      "mode": "managed",
      "type": "aws_route_table",
      "name": "public",
      "provider": "provider[\"registry.terraform.io/hashicorp/aws\"]",
      "instances": [
        {
          "index_key": 0,
          "schema_version": 0,
          "attributes": {
            "arn": "arn:aws:ec2:us-east-2:021510583954:route-table/rtb-0992d72c6be7b6e80",
            "id": "rtb-0992d72c6be7b6e80",
            "owner_id": "021510583954",
            "propagating_vgws": [],
            "route": [
              {
                "carrier_gateway_id": "",
                "cidr_block": "0.0.0.0/0",
                "destination_prefix_list_id": "",
                "egress_only_gateway_id": "",
                "gateway_id": "igw-05e0b9ec2efba6734",
                "instance_id": "",
                "ipv6_cidr_block": "",
                "local_gateway_id": "",
                "nat_gateway_id": "",
                "network_interface_id": "",
                "transit_gateway_id": "",
                "vpc_endpoint_id": "",
                "vpc_peering_connection_id": ""
              }
            ],
            "tags": {
              "Name": "eks_vpc-public",
              "kubernetes.io/cluster/my-cluster": "shared"
            },
            "tags_all": {
              "Name": "eks_vpc-public",
              "kubernetes.io/cluster/my-cluster": "shared"
            },
            "vpc_id": "vpc-09d6eb6fca9f64875"
          },
          "sensitive_attributes": [],
          "private": "bnVsbA==",
          "dependencies": [
            "module.my_vpc.aws_vpc.this",
            "module.my_vpc.aws_vpc_ipv4_cidr_block_association.this"
          ]
        }
      ]
    },
    {
      "module": "module.my_vpc",
      "mode": "managed",
      "type": "aws_route_table_association",
      "name": "private",
      "provider": "provider[\"registry.terraform.io/hashicorp/aws\"]",
      "instances": [
        {
          "index_key": 0,
          "schema_version": 0,
          "attributes": {
            "gateway_id": null,
            "id": "rtbassoc-0c5c3d3b07c474a51",
            "route_table_id": "rtb-0634b44442da04cc9",
            "subnet_id": "subnet-0366f09b4f3974bf2"
          },
          "sensitive_attributes": [],
          "private": "bnVsbA==",
          "dependencies": [
            "data.aws_availability_zones.azs",
            "module.my_vpc.aws_route_table.private",
            "module.my_vpc.aws_subnet.private",
            "module.my_vpc.aws_vpc.this",
            "module.my_vpc.aws_vpc_ipv4_cidr_block_association.this"
          ]
        },
        {
          "index_key": 1,
          "schema_version": 0,
          "attributes": {
            "gateway_id": null,
            "id": "rtbassoc-00f1a89484fd06794",
            "route_table_id": "rtb-0634b44442da04cc9",
            "subnet_id": "subnet-06951e6715274f9b7"
          },
          "sensitive_attributes": [],
          "private": "bnVsbA==",
          "dependencies": [
            "data.aws_availability_zones.azs",
            "module.my_vpc.aws_route_table.private",
            "module.my_vpc.aws_subnet.private",
            "module.my_vpc.aws_vpc.this",
            "module.my_vpc.aws_vpc_ipv4_cidr_block_association.this"
          ]
        }
      ]
    },
    {
      "module": "module.my_vpc",
      "mode": "managed",
      "type": "aws_route_table_association",
      "name": "public",
      "provider": "provider[\"registry.terraform.io/hashicorp/aws\"]",
      "instances": [
        {
          "index_key": 0,
          "schema_version": 0,
          "attributes": {
            "gateway_id": null,
            "id": "rtbassoc-0c93d6b230fe0c17d",
            "route_table_id": "rtb-0992d72c6be7b6e80",
            "subnet_id": "subnet-0b11e654fbde8c02e"
          },
          "sensitive_attributes": [],
          "private": "bnVsbA==",
          "dependencies": [
            "data.aws_availability_zones.azs",
            "module.my_vpc.aws_route_table.public",
            "module.my_vpc.aws_subnet.public",
            "module.my_vpc.aws_vpc.this",
            "module.my_vpc.aws_vpc_ipv4_cidr_block_association.this"
          ]
        },
        {
          "index_key": 1,
          "schema_version": 0,
          "attributes": {
            "gateway_id": null,
            "id": "rtbassoc-0804612763b64d35f",
            "route_table_id": "rtb-0992d72c6be7b6e80",
            "subnet_id": "subnet-0365e4dd160310d0a"
          },
          "sensitive_attributes": [],
          "private": "bnVsbA==",
          "dependencies": [
            "data.aws_availability_zones.azs",
            "module.my_vpc.aws_route_table.public",
            "module.my_vpc.aws_subnet.public",
            "module.my_vpc.aws_vpc.this",
            "module.my_vpc.aws_vpc_ipv4_cidr_block_association.this"
          ]
        }
      ]
    },
    {
      "module": "module.my_vpc",
      "mode": "managed",
      "type": "aws_subnet",
      "name": "private",
      "provider": "provider[\"registry.terraform.io/hashicorp/aws\"]",
      "instances": [
        {
          "index_key": 0,
          "schema_version": 1,
          "attributes": {
            "arn": "arn:aws:ec2:us-east-2:021510583954:subnet/subnet-0366f09b4f3974bf2",
            "assign_ipv6_address_on_creation": false,
            "availability_zone": "us-east-2a",
            "availability_zone_id": "use2-az1",
            "cidr_block": "10.0.1.0/24",
            "customer_owned_ipv4_pool": "",
            "id": "subnet-0366f09b4f3974bf2",
            "ipv6_cidr_block": "",
            "ipv6_cidr_block_association_id": "",
            "map_customer_owned_ip_on_launch": false,
            "map_public_ip_on_launch": false,
            "outpost_arn": "",
            "owner_id": "021510583954",
            "tags": {
              "Name": "eks_vpc-private-us-east-2a",
              "kubernetes.io/cluster/my-cluster": "shared",
              "kubernetes.io/role/internal-elb": "1"
            },
            "tags_all": {
              "Name": "eks_vpc-private-us-east-2a",
              "kubernetes.io/cluster/my-cluster": "shared",
              "kubernetes.io/role/internal-elb": "1"
            },
            "timeouts": null,
            "vpc_id": "vpc-09d6eb6fca9f64875"
          },
          "sensitive_attributes": [],
          "private": "eyJlMmJmYjczMC1lY2FhLTExZTYtOGY4OC0zNDM2M2JjN2M0YzAiOnsiY3JlYXRlIjo2MDAwMDAwMDAwMDAsImRlbGV0ZSI6MTIwMDAwMDAwMDAwMH0sInNjaGVtYV92ZXJzaW9uIjoiMSJ9",
          "dependencies": [
            "data.aws_availability_zones.azs",
            "module.my_vpc.aws_vpc.this",
            "module.my_vpc.aws_vpc_ipv4_cidr_block_association.this"
          ],
          "create_before_destroy": true
        },
        {
          "index_key": 1,
          "schema_version": 1,
          "attributes": {
            "arn": "arn:aws:ec2:us-east-2:021510583954:subnet/subnet-06951e6715274f9b7",
            "assign_ipv6_address_on_creation": false,
            "availability_zone": "us-east-2b",
            "availability_zone_id": "use2-az2",
            "cidr_block": "10.0.2.0/24",
            "customer_owned_ipv4_pool": "",
            "id": "subnet-06951e6715274f9b7",
            "ipv6_cidr_block": "",
            "ipv6_cidr_block_association_id": "",
            "map_customer_owned_ip_on_launch": false,
            "map_public_ip_on_launch": false,
            "outpost_arn": "",
            "owner_id": "021510583954",
            "tags": {
              "Name": "eks_vpc-private-us-east-2b",
              "kubernetes.io/cluster/my-cluster": "shared",
              "kubernetes.io/role/internal-elb": "1"
            },
            "tags_all": {
              "Name": "eks_vpc-private-us-east-2b",
              "kubernetes.io/cluster/my-cluster": "shared",
              "kubernetes.io/role/internal-elb": "1"
            },
            "timeouts": null,
            "vpc_id": "vpc-09d6eb6fca9f64875"
          },
          "sensitive_attributes": [],
          "private": "eyJlMmJmYjczMC1lY2FhLTExZTYtOGY4OC0zNDM2M2JjN2M0YzAiOnsiY3JlYXRlIjo2MDAwMDAwMDAwMDAsImRlbGV0ZSI6MTIwMDAwMDAwMDAwMH0sInNjaGVtYV92ZXJzaW9uIjoiMSJ9",
          "dependencies": [
            "data.aws_availability_zones.azs",
            "module.my_vpc.aws_vpc.this",
            "module.my_vpc.aws_vpc_ipv4_cidr_block_association.this"
          ],
          "create_before_destroy": true
        }
      ]
    },
    {
      "module": "module.my_vpc",
      "mode": "managed",
      "type": "aws_subnet",
      "name": "public",
      "provider": "provider[\"registry.terraform.io/hashicorp/aws\"]",
      "instances": [
        {
          "index_key": 0,
          "schema_version": 1,
          "attributes": {
            "arn": "arn:aws:ec2:us-east-2:021510583954:subnet/subnet-0b11e654fbde8c02e",
            "assign_ipv6_address_on_creation": false,
            "availability_zone": "us-east-2a",
            "availability_zone_id": "use2-az1",
            "cidr_block": "10.0.100.0/24",
            "customer_owned_ipv4_pool": "",
            "id": "subnet-0b11e654fbde8c02e",
            "ipv6_cidr_block": "",
            "ipv6_cidr_block_association_id": "",
            "map_customer_owned_ip_on_launch": false,
            "map_public_ip_on_launch": true,
            "outpost_arn": "",
            "owner_id": "021510583954",
            "tags": {
              "Name": "eks_vpc-public-us-east-2a",
              "kubernetes.io/cluster/my-cluster": "shared",
              "kubernetes.io/role/elb": "1"
            },
            "tags_all": {
              "Name": "eks_vpc-public-us-east-2a",
              "kubernetes.io/cluster/my-cluster": "shared",
              "kubernetes.io/role/elb": "1"
            },
            "timeouts": null,
            "vpc_id": "vpc-09d6eb6fca9f64875"
          },
          "sensitive_attributes": [],
          "private": "eyJlMmJmYjczMC1lY2FhLTExZTYtOGY4OC0zNDM2M2JjN2M0YzAiOnsiY3JlYXRlIjo2MDAwMDAwMDAwMDAsImRlbGV0ZSI6MTIwMDAwMDAwMDAwMH0sInNjaGVtYV92ZXJzaW9uIjoiMSJ9",
          "dependencies": [
            "data.aws_availability_zones.azs",
            "module.my_vpc.aws_vpc.this",
            "module.my_vpc.aws_vpc_ipv4_cidr_block_association.this"
          ]
        },
        {
          "index_key": 1,
          "schema_version": 1,
          "attributes": {
            "arn": "arn:aws:ec2:us-east-2:021510583954:subnet/subnet-0365e4dd160310d0a",
            "assign_ipv6_address_on_creation": false,
            "availability_zone": "us-east-2b",
            "availability_zone_id": "use2-az2",
            "cidr_block": "10.0.101.0/24",
            "customer_owned_ipv4_pool": "",
            "id": "subnet-0365e4dd160310d0a",
            "ipv6_cidr_block": "",
            "ipv6_cidr_block_association_id": "",
            "map_customer_owned_ip_on_launch": false,
            "map_public_ip_on_launch": true,
            "outpost_arn": "",
            "owner_id": "021510583954",
            "tags": {
              "Name": "eks_vpc-public-us-east-2b",
              "kubernetes.io/cluster/my-cluster": "shared",
              "kubernetes.io/role/elb": "1"
            },
            "tags_all": {
              "Name": "eks_vpc-public-us-east-2b",
              "kubernetes.io/cluster/my-cluster": "shared",
              "kubernetes.io/role/elb": "1"
            },
            "timeouts": null,
            "vpc_id": "vpc-09d6eb6fca9f64875"
          },
          "sensitive_attributes": [],
          "private": "eyJlMmJmYjczMC1lY2FhLTExZTYtOGY4OC0zNDM2M2JjN2M0YzAiOnsiY3JlYXRlIjo2MDAwMDAwMDAwMDAsImRlbGV0ZSI6MTIwMDAwMDAwMDAwMH0sInNjaGVtYV92ZXJzaW9uIjoiMSJ9",
          "dependencies": [
            "data.aws_availability_zones.azs",
            "module.my_vpc.aws_vpc.this",
            "module.my_vpc.aws_vpc_ipv4_cidr_block_association.this"
          ]
        }
      ]
    },
    {
      "module": "module.my_vpc",
      "mode": "managed",
      "type": "aws_vpc",
      "name": "this",
      "provider": "provider[\"registry.terraform.io/hashicorp/aws\"]",
      "instances": [
        {
          "index_key": 0,
          "schema_version": 1,
          "attributes": {
            "arn": "arn:aws:ec2:us-east-2:021510583954:vpc/vpc-09d6eb6fca9f64875",
            "assign_generated_ipv6_cidr_block": false,
            "cidr_block": "10.0.0.0/16",
            "default_network_acl_id": "acl-0d905d780d55f3c77",
            "default_route_table_id": "rtb-01224b909960d9377",
            "default_security_group_id": "sg-0f28f1297457816d4",
            "dhcp_options_id": "dopt-07de75f960f96528a",
            "enable_classiclink": null,
            "enable_classiclink_dns_support": null,
            "enable_dns_hostnames": true,
            "enable_dns_support": true,
            "id": "vpc-09d6eb6fca9f64875",
            "instance_tenancy": "default",
            "ipv6_association_id": "",
            "ipv6_cidr_block": "",
            "main_route_table_id": "rtb-01224b909960d9377",
            "owner_id": "021510583954",
            "tags": {
              "Name": "eks_vpc",
              "kubernetes.io/cluster/my-cluster": "shared",
              "kubernetes.io/cluster/my_cluster": "shared"
            },
            "tags_all": {
              "Name": "eks_vpc",
              "kubernetes.io/cluster/my-cluster": "shared",
              "kubernetes.io/cluster/my_cluster": "shared"
            }
          },
          "sensitive_attributes": [],
          "private": "eyJzY2hlbWFfdmVyc2lvbiI6IjEifQ==",
          "create_before_destroy": true
        }
      ]
    }
  ]
}
